
Microsoft Visual Studio Solution File, Format Version 10.00
# Visual Studio 2008
Project("{2150E333-8FDC-42A3-9474-1A3956D46DE8}") = "Common", "Common", "{8BC2F418-26E0-454F-94D1-D32EB2212FCB}"
EndProject
Project("{2150E333-8FDC-42A3-9474-1A3956D46DE8}") = "Word", "Word", "{27450D4D-9CE9-4787-8674-E0199EC5B7C7}"
EndProject
Project("{2150E333-8FDC-42A3-9474-1A3956D46DE8}") = "Shell", "Shell", "{97D3A80C-342E-4F14-8ED4-01AF8C8CF766}"
EndProject
Project("{2150E333-8FDC-42A3-9474-1A3956D46DE8}") = "Word2007", "Word2007", "{01FCA8EF-C79E-4AAC-831F-5FA4737EB028}"
EndProject
Project("{2150E333-8FDC-42A3-9474-1A3956D46DE8}") = "Word2003", "Word2003", "{31C42F5A-FB16-40B5-95E8-E90FC0C1537D}"
EndProject
Project("{2150E333-8FDC-42A3-9474-1A3956D46DE8}") = "WordXP", "WordXP", "{39175AB2-5787-48B5-8A46-8C7E4B053862}"
EndProject
Project("{2150E333-8FDC-42A3-9474-1A3956D46DE8}") = "WixSetup", "WixSetup", "{4AF3E01B-91B1-4AE4-9316-11289EFA7B5D}"
EndProject
Project("{FAE04EC0-301F-11D3-BF4B-00C04F79EFBC}") = "Addin", "Addin\Addin.csproj", "{5FBF8430-AF2F-4E5E-BA37-7A70310BA709}"
EndProject
Project("{FAE04EC0-301F-11D3-BF4B-00C04F79EFBC}") = "Converter", "Converter\Converter.csproj", "{B7552412-F668-429F-A90D-C63764148051}"
EndProject
Project("{FAE04EC0-301F-11D3-BF4B-00C04F79EFBC}") = "DaisyAddinLib", "Common\DaisyAddinLib\DaisyAddinLib.csproj", "{599773FF-1E86-4AC2-8B24-34BBAC707370}"
EndProject
Project("{FAE04EC0-301F-11D3-BF4B-00C04F79EFBC}") = "DaisyConverterLib", "Common\DaisyConverterLib\DaisyConverterLib.csproj", "{8CB777EB-36ED-45D8-84FF-BDD64AD5026E}"
EndProject
Project("{FAE04EC0-301F-11D3-BF4B-00C04F79EFBC}") = "CommandLineTool", "Shell\DaisyConverterTest\CommandLineTool.csproj", "{289C4B72-B929-4E3D-808F-F622E275AC70}"
EndProject
Project("{54435603-DBB4-11D2-8724-00A0C9A8B90C}") = "DaisyCommandLine", "DaisyCommandLine\DaisyCommandLine.vdproj", "{B0969429-0358-4569-9C5D-B77C90A0ED05}"
EndProject
Project("{FAE04EC0-301F-11D3-BF4B-00C04F79EFBC}") = "CustomActionAddin", "CustomActionAddin\CustomActionAddin.csproj", "{BB7510E0-87FB-4514-AF94-3F21332FB236}"
EndProject
Project("{FAE04EC0-301F-11D3-BF4B-00C04F79EFBC}") = "DaisyWord2007AddIn", "Word2007\DaisyWord2007AddIn\DaisyWord2007AddIn.csproj", "{9B3A86F5-D5A5-4CC2-A995-2362A28D0EA9}"
EndProject
Project("{FAE04EC0-301F-11D3-BF4B-00C04F79EFBC}") = "DaisyTranslatorWord2003Addin", "Word2003\DaisyTranslatorWord2003Addin\DaisyTranslatorWord2003Addin.csproj", "{94C3A3CB-7A9A-4D65-8345-21A0D52E82A7}"
EndProject
Project("{FAE04EC0-301F-11D3-BF4B-00C04F79EFBC}") = "DaisyTranslatorWordXPAddin", "WordXP\DaisyTranslatorWordXPAddin\DaisyTranslatorWordXPAddin.csproj", "{5042FD6C-3583-46FB-8A76-1F0C489030C4}"
EndProject
Project("{8BC9CEB8-8B4A-11D0-8D11-00A0C91BC942}") = "DaisyWord2007Shim", "Word2007\DaisyWord2007Shim\DaisyWord2007Shim.vcproj", "{A5A68EF3-D782-4F02-96B1-0814E26C4032}"
EndProject
Project("{8BC9CEB8-8B4A-11D0-8D11-00A0C91BC942}") = "DaisyTranslatorWordXPShim", "WordXP\DaisyTranslatorWordXPShim\DaisyTranslatorWordXPShim.vcproj", "{16E78651-43DF-46A8-91C3-C977C0C179BA}"
	ProjectSection(ProjectDependencies) = postProject
		{9F777C87-F4FC-4954-BF3E-1EF20EE2D11D} = {9F777C87-F4FC-4954-BF3E-1EF20EE2D11D}
		{9F777C87-F4FC-4954-BF3E-1EF20EE2D11D} = {9F777C87-F4FC-4954-BF3E-1EF20EE2D11D}
	EndProjectSection
EndProject
Project("{FAE04EC0-301F-11D3-BF4B-00C04F79EFBC}") = "ManagedAggregator", "Common\ManagedAggregator\ManagedAggregator.csproj", "{9F777C87-F4FC-4954-BF3E-1EF20EE2D11D}"
EndProject
Project("{8BC9CEB8-8B4A-11D0-8D11-00A0C91BC942}") = "DaisyTranslatorWord2003Shim", "Word2003\DaisyTranslatorWord2003Shim\DaisyTranslatorWord2003Shim.vcproj", "{B4E4CE97-B0B0-48A0-82E4-0E8E9EC9E00E}"
EndProject
Project("{930C7802-8A8C-48F9-8165-68863BCCD9DD}") = "DaisyAddinForWordSetup", "DaisyAddinForWordSetup\DaisyAddinForWordSetup.wixproj", "{9FD72ED2-BA9C-4F70-A53C-9051F5123816}"
	ProjectSection(ProjectDependencies) = postProject
		{FCB212D1-D9E6-483A-8E9E-24DA0387620F} = {FCB212D1-D9E6-483A-8E9E-24DA0387620F}
	EndProjectSection
EndProject
Project("{2150E333-8FDC-42A3-9474-1A3956D46DE8}") = "Scripts", "Scripts", "{9276C177-1DBA-4A4F-9058-114105455D1A}"
	ProjectSection(SolutionItems) = preProject
		DaisyAddinForWordSetup\scripts\PostBuild.bat = DaisyAddinForWordSetup\scripts\PostBuild.bat
		DaisyAddinForWordSetup\scripts\SetupPrepare.bat = DaisyAddinForWordSetup\scripts\SetupPrepare.bat
	EndProjectSection
EndProject
Project("{930C7802-8A8C-48F9-8165-68863BCCD9DD}") = "DaisyAddinForWordSetup_x64", "DaisyAddinForWordSetup_x64\DaisyAddinForWordSetup_x64.wixproj", "{F5A107B0-9950-46F5-A7D3-74608CCBE43E}"
	ProjectSection(ProjectDependencies) = postProject
		{FCB212D1-D9E6-483A-8E9E-24DA0387620F} = {FCB212D1-D9E6-483A-8E9E-24DA0387620F}
	EndProjectSection
EndProject
Project("{2150E333-8FDC-42A3-9474-1A3956D46DE8}") = "Tests", "Tests", "{4AD4C33A-090C-4026-9FD0-80AD773D5665}"
EndProject
Project("{FAE04EC0-301F-11D3-BF4B-00C04F79EFBC}") = "Word2007Addin.IntegrationTests", "Tests\Word2007Addin.IntegrationTests\Word2007Addin.IntegrationTests.csproj", "{8BDDCAB0-E3C5-4906-83AF-124863C84531}"
EndProject
Project("{FAE04EC0-301F-11D3-BF4B-00C04F79EFBC}") = "DaisyAddin.CustomActions", "DaisyAddin.CustomActions\DaisyAddin.CustomActions.csproj", "{FCB212D1-D9E6-483A-8E9E-24DA0387620F}"
EndProject
Project("{FAE04EC0-301F-11D3-BF4B-00C04F79EFBC}") = "DaisyInstaller", "DaisyInstaller\DaisyInstaller.csproj", "{4CCBD86A-2B28-4881-BA85-83D0B086E6D2}"
EndProject
Global
	GlobalSection(SolutionConfigurationPlatforms) = preSolution
		Debug|Any CPU = Debug|Any CPU
		Debug|Mixed Platforms = Debug|Mixed Platforms
		Debug|Win32 = Debug|Win32
		Debug|x64 = Debug|x64
		Debug|x86 = Debug|x86
		DebugWord2003|Any CPU = DebugWord2003|Any CPU
		DebugWord2003|Mixed Platforms = DebugWord2003|Mixed Platforms
		DebugWord2003|Win32 = DebugWord2003|Win32
		DebugWord2003|x64 = DebugWord2003|x64
		DebugWord2003|x86 = DebugWord2003|x86
		Release to Client(signed)|Any CPU = Release to Client(signed)|Any CPU
		Release to Client(signed)|Mixed Platforms = Release to Client(signed)|Mixed Platforms
		Release to Client(signed)|Win32 = Release to Client(signed)|Win32
		Release to Client(signed)|x64 = Release to Client(signed)|x64
		Release to Client(signed)|x86 = Release to Client(signed)|x86
		Release|Any CPU = Release|Any CPU
		Release|Mixed Platforms = Release|Mixed Platforms
		Release|Win32 = Release|Win32
		Release|x64 = Release|x64
		Release|x86 = Release|x86
	EndGlobalSection
	GlobalSection(ProjectConfigurationPlatforms) = postSolution
		{5FBF8430-AF2F-4E5E-BA37-7A70310BA709}.Debug|Any CPU.ActiveCfg = Debug|Any CPU
		{5FBF8430-AF2F-4E5E-BA37-7A70310BA709}.Debug|Any CPU.Build.0 = Debug|Any CPU
		{5FBF8430-AF2F-4E5E-BA37-7A70310BA709}.Debug|Mixed Platforms.ActiveCfg = Debug|Any CPU
		{5FBF8430-AF2F-4E5E-BA37-7A70310BA709}.Debug|Mixed Platforms.Build.0 = Debug|Any CPU
		{5FBF8430-AF2F-4E5E-BA37-7A70310BA709}.Debug|Win32.ActiveCfg = Debug|Any CPU
		{5FBF8430-AF2F-4E5E-BA37-7A70310BA709}.Debug|x64.ActiveCfg = Debug|Any CPU
		{5FBF8430-AF2F-4E5E-BA37-7A70310BA709}.Debug|x86.ActiveCfg = Debug|Any CPU
		{5FBF8430-AF2F-4E5E-BA37-7A70310BA709}.DebugWord2003|Any CPU.ActiveCfg = DebugWord2003|Any CPU
		{5FBF8430-AF2F-4E5E-BA37-7A70310BA709}.DebugWord2003|Any CPU.Build.0 = DebugWord2003|Any CPU
		{5FBF8430-AF2F-4E5E-BA37-7A70310BA709}.DebugWord2003|Mixed Platforms.ActiveCfg = DebugWord2003|Any CPU
		{5FBF8430-AF2F-4E5E-BA37-7A70310BA709}.DebugWord2003|Mixed Platforms.Build.0 = DebugWord2003|Any CPU
		{5FBF8430-AF2F-4E5E-BA37-7A70310BA709}.DebugWord2003|Win32.ActiveCfg = DebugWord2003|Any CPU
		{5FBF8430-AF2F-4E5E-BA37-7A70310BA709}.DebugWord2003|x64.ActiveCfg = DebugWord2003|Any CPU
		{5FBF8430-AF2F-4E5E-BA37-7A70310BA709}.DebugWord2003|x86.ActiveCfg = DebugWord2003|Any CPU
		{5FBF8430-AF2F-4E5E-BA37-7A70310BA709}.Release to Client(signed)|Any CPU.ActiveCfg = Release|Any CPU
		{5FBF8430-AF2F-4E5E-BA37-7A70310BA709}.Release to Client(signed)|Any CPU.Build.0 = Release|Any CPU
		{5FBF8430-AF2F-4E5E-BA37-7A70310BA709}.Release to Client(signed)|Mixed Platforms.ActiveCfg = Release|Any CPU
		{5FBF8430-AF2F-4E5E-BA37-7A70310BA709}.Release to Client(signed)|Mixed Platforms.Build.0 = Release|Any CPU
		{5FBF8430-AF2F-4E5E-BA37-7A70310BA709}.Release to Client(signed)|Win32.ActiveCfg = Release|Any CPU
		{5FBF8430-AF2F-4E5E-BA37-7A70310BA709}.Release to Client(signed)|x64.ActiveCfg = Release|Any CPU
		{5FBF8430-AF2F-4E5E-BA37-7A70310BA709}.Release to Client(signed)|x86.ActiveCfg = Release|Any CPU
		{5FBF8430-AF2F-4E5E-BA37-7A70310BA709}.Release|Any CPU.ActiveCfg = Debug|Any CPU
		{5FBF8430-AF2F-4E5E-BA37-7A70310BA709}.Release|Any CPU.Build.0 = Debug|Any CPU
		{5FBF8430-AF2F-4E5E-BA37-7A70310BA709}.Release|Mixed Platforms.ActiveCfg = Release|Any CPU
		{5FBF8430-AF2F-4E5E-BA37-7A70310BA709}.Release|Mixed Platforms.Build.0 = Release|Any CPU
		{5FBF8430-AF2F-4E5E-BA37-7A70310BA709}.Release|Win32.ActiveCfg = Release|Any CPU
		{5FBF8430-AF2F-4E5E-BA37-7A70310BA709}.Release|x64.ActiveCfg = Release|x64
		{5FBF8430-AF2F-4E5E-BA37-7A70310BA709}.Release|x64.Build.0 = Release|x64
		{5FBF8430-AF2F-4E5E-BA37-7A70310BA709}.Release|x86.ActiveCfg = Release|Any CPU
		{B7552412-F668-429F-A90D-C63764148051}.Debug|Any CPU.ActiveCfg = Debug|Any CPU
		{B7552412-F668-429F-A90D-C63764148051}.Debug|Any CPU.Build.0 = Debug|Any CPU
		{B7552412-F668-429F-A90D-C63764148051}.Debug|Mixed Platforms.ActiveCfg = Debug|Any CPU
		{B7552412-F668-429F-A90D-C63764148051}.Debug|Mixed Platforms.Build.0 = Debug|Any CPU
		{B7552412-F668-429F-A90D-C63764148051}.Debug|Win32.ActiveCfg = Debug|Any CPU
		{B7552412-F668-429F-A90D-C63764148051}.Debug|x64.ActiveCfg = Debug|Any CPU
		{B7552412-F668-429F-A90D-C63764148051}.Debug|x86.ActiveCfg = Debug|Any CPU
		{B7552412-F668-429F-A90D-C63764148051}.DebugWord2003|Any CPU.ActiveCfg = DebugWord2003|Any CPU
		{B7552412-F668-429F-A90D-C63764148051}.DebugWord2003|Any CPU.Build.0 = DebugWord2003|Any CPU
		{B7552412-F668-429F-A90D-C63764148051}.DebugWord2003|Mixed Platforms.ActiveCfg = DebugWord2003|Any CPU
		{B7552412-F668-429F-A90D-C63764148051}.DebugWord2003|Mixed Platforms.Build.0 = DebugWord2003|Any CPU
		{B7552412-F668-429F-A90D-C63764148051}.DebugWord2003|Win32.ActiveCfg = DebugWord2003|Any CPU
		{B7552412-F668-429F-A90D-C63764148051}.DebugWord2003|x64.ActiveCfg = DebugWord2003|Any CPU
		{B7552412-F668-429F-A90D-C63764148051}.DebugWord2003|x86.ActiveCfg = DebugWord2003|Any CPU
		{B7552412-F668-429F-A90D-C63764148051}.Release to Client(signed)|Any CPU.ActiveCfg = Release to Client(signed)|Any CPU
		{B7552412-F668-429F-A90D-C63764148051}.Release to Client(signed)|Any CPU.Build.0 = Release to Client(signed)|Any CPU
		{B7552412-F668-429F-A90D-C63764148051}.Release to Client(signed)|Mixed Platforms.ActiveCfg = Release to Client(signed)|Any CPU
		{B7552412-F668-429F-A90D-C63764148051}.Release to Client(signed)|Mixed Platforms.Build.0 = Release to Client(signed)|Any CPU
		{B7552412-F668-429F-A90D-C63764148051}.Release to Client(signed)|Win32.ActiveCfg = Release to Client(signed)|Any CPU
		{B7552412-F668-429F-A90D-C63764148051}.Release to Client(signed)|x64.ActiveCfg = Release to Client(signed)|Any CPU
		{B7552412-F668-429F-A90D-C63764148051}.Release to Client(signed)|x86.ActiveCfg = Release to Client(signed)|Any CPU
		{B7552412-F668-429F-A90D-C63764148051}.Release|Any CPU.ActiveCfg = Debug|Any CPU
		{B7552412-F668-429F-A90D-C63764148051}.Release|Any CPU.Build.0 = Debug|Any CPU
		{B7552412-F668-429F-A90D-C63764148051}.Release|Mixed Platforms.ActiveCfg = Release|Any CPU
		{B7552412-F668-429F-A90D-C63764148051}.Release|Mixed Platforms.Build.0 = Release|Any CPU
		{B7552412-F668-429F-A90D-C63764148051}.Release|Win32.ActiveCfg = Release|Any CPU
		{B7552412-F668-429F-A90D-C63764148051}.Release|x64.ActiveCfg = Release|x64
		{B7552412-F668-429F-A90D-C63764148051}.Release|x64.Build.0 = Release|x64
		{B7552412-F668-429F-A90D-C63764148051}.Release|x86.ActiveCfg = Release|Any CPU
		{599773FF-1E86-4AC2-8B24-34BBAC707370}.Debug|Any CPU.ActiveCfg = Debug|Any CPU
		{599773FF-1E86-4AC2-8B24-34BBAC707370}.Debug|Any CPU.Build.0 = Debug|Any CPU
		{599773FF-1E86-4AC2-8B24-34BBAC707370}.Debug|Mixed Platforms.ActiveCfg = Debug|Any CPU
		{599773FF-1E86-4AC2-8B24-34BBAC707370}.Debug|Mixed Platforms.Build.0 = Debug|Any CPU
		{599773FF-1E86-4AC2-8B24-34BBAC707370}.Debug|Win32.ActiveCfg = Debug|x86
		{599773FF-1E86-4AC2-8B24-34BBAC707370}.Debug|x64.ActiveCfg = Debug|x86
		{599773FF-1E86-4AC2-8B24-34BBAC707370}.Debug|x86.ActiveCfg = Debug|x86
		{599773FF-1E86-4AC2-8B24-34BBAC707370}.Debug|x86.Build.0 = Debug|x86
		{599773FF-1E86-4AC2-8B24-34BBAC707370}.DebugWord2003|Any CPU.ActiveCfg = DebugWord2003|Any CPU
		{599773FF-1E86-4AC2-8B24-34BBAC707370}.DebugWord2003|Any CPU.Build.0 = DebugWord2003|Any CPU
		{599773FF-1E86-4AC2-8B24-34BBAC707370}.DebugWord2003|Mixed Platforms.ActiveCfg = DebugWord2003|x86
		{599773FF-1E86-4AC2-8B24-34BBAC707370}.DebugWord2003|Mixed Platforms.Build.0 = DebugWord2003|x86
		{599773FF-1E86-4AC2-8B24-34BBAC707370}.DebugWord2003|Win32.ActiveCfg = DebugWord2003|x86
		{599773FF-1E86-4AC2-8B24-34BBAC707370}.DebugWord2003|x64.ActiveCfg = DebugWord2003|x86
		{599773FF-1E86-4AC2-8B24-34BBAC707370}.DebugWord2003|x86.ActiveCfg = DebugWord2003|x86
		{599773FF-1E86-4AC2-8B24-34BBAC707370}.DebugWord2003|x86.Build.0 = DebugWord2003|x86
		{599773FF-1E86-4AC2-8B24-34BBAC707370}.Release to Client(signed)|Any CPU.ActiveCfg = Release to Client(signed)|Any CPU
		{599773FF-1E86-4AC2-8B24-34BBAC707370}.Release to Client(signed)|Any CPU.Build.0 = Release to Client(signed)|Any CPU
		{599773FF-1E86-4AC2-8B24-34BBAC707370}.Release to Client(signed)|Mixed Platforms.ActiveCfg = Release to Client(signed)|x86
		{599773FF-1E86-4AC2-8B24-34BBAC707370}.Release to Client(signed)|Mixed Platforms.Build.0 = Release to Client(signed)|x86
		{599773FF-1E86-4AC2-8B24-34BBAC707370}.Release to Client(signed)|Win32.ActiveCfg = Release to Client(signed)|x86
		{599773FF-1E86-4AC2-8B24-34BBAC707370}.Release to Client(signed)|x64.ActiveCfg = Release to Client(signed)|x86
		{599773FF-1E86-4AC2-8B24-34BBAC707370}.Release to Client(signed)|x86.ActiveCfg = Release to Client(signed)|x86
		{599773FF-1E86-4AC2-8B24-34BBAC707370}.Release to Client(signed)|x86.Build.0 = Release to Client(signed)|x86
		{599773FF-1E86-4AC2-8B24-34BBAC707370}.Release|Any CPU.ActiveCfg = Debug|Any CPU
		{599773FF-1E86-4AC2-8B24-34BBAC707370}.Release|Any CPU.Build.0 = Debug|Any CPU
		{599773FF-1E86-4AC2-8B24-34BBAC707370}.Release|Mixed Platforms.ActiveCfg = Release|Any CPU
		{599773FF-1E86-4AC2-8B24-34BBAC707370}.Release|Mixed Platforms.Build.0 = Release|Any CPU
		{599773FF-1E86-4AC2-8B24-34BBAC707370}.Release|Win32.ActiveCfg = Release|x86
		{599773FF-1E86-4AC2-8B24-34BBAC707370}.Release|x64.ActiveCfg = Release|x86
		{599773FF-1E86-4AC2-8B24-34BBAC707370}.Release|x86.ActiveCfg = Release|x86
		{599773FF-1E86-4AC2-8B24-34BBAC707370}.Release|x86.Build.0 = Release|x86
		{8CB777EB-36ED-45D8-84FF-BDD64AD5026E}.Debug|Any CPU.ActiveCfg = Debug|Any CPU
		{8CB777EB-36ED-45D8-84FF-BDD64AD5026E}.Debug|Any CPU.Build.0 = Debug|Any CPU
		{8CB777EB-36ED-45D8-84FF-BDD64AD5026E}.Debug|Mixed Platforms.ActiveCfg = Debug|Any CPU
		{8CB777EB-36ED-45D8-84FF-BDD64AD5026E}.Debug|Mixed Platforms.Build.0 = Debug|Any CPU
		{8CB777EB-36ED-45D8-84FF-BDD64AD5026E}.Debug|Win32.ActiveCfg = Debug|x86
		{8CB777EB-36ED-45D8-84FF-BDD64AD5026E}.Debug|x64.ActiveCfg = Debug|x86
		{8CB777EB-36ED-45D8-84FF-BDD64AD5026E}.Debug|x86.ActiveCfg = Debug|x86
		{8CB777EB-36ED-45D8-84FF-BDD64AD5026E}.Debug|x86.Build.0 = Debug|x86
		{8CB777EB-36ED-45D8-84FF-BDD64AD5026E}.DebugWord2003|Any CPU.ActiveCfg = DebugWord2003|Any CPU
		{8CB777EB-36ED-45D8-84FF-BDD64AD5026E}.DebugWord2003|Any CPU.Build.0 = DebugWord2003|Any CPU
		{8CB777EB-36ED-45D8-84FF-BDD64AD5026E}.DebugWord2003|Mixed Platforms.ActiveCfg = DebugWord2003|x86
		{8CB777EB-36ED-45D8-84FF-BDD64AD5026E}.DebugWord2003|Mixed Platforms.Build.0 = DebugWord2003|x86
		{8CB777EB-36ED-45D8-84FF-BDD64AD5026E}.DebugWord2003|Win32.ActiveCfg = DebugWord2003|x86
		{8CB777EB-36ED-45D8-84FF-BDD64AD5026E}.DebugWord2003|x64.ActiveCfg = DebugWord2003|x86
		{8CB777EB-36ED-45D8-84FF-BDD64AD5026E}.DebugWord2003|x86.ActiveCfg = DebugWord2003|x86
		{8CB777EB-36ED-45D8-84FF-BDD64AD5026E}.DebugWord2003|x86.Build.0 = DebugWord2003|x86
		{8CB777EB-36ED-45D8-84FF-BDD64AD5026E}.Release to Client(signed)|Any CPU.ActiveCfg = Release to Client(signed)|Any CPU
		{8CB777EB-36ED-45D8-84FF-BDD64AD5026E}.Release to Client(signed)|Any CPU.Build.0 = Release to Client(signed)|Any CPU
		{8CB777EB-36ED-45D8-84FF-BDD64AD5026E}.Release to Client(signed)|Mixed Platforms.ActiveCfg = Release to Client(signed)|x86
		{8CB777EB-36ED-45D8-84FF-BDD64AD5026E}.Release to Client(signed)|Mixed Platforms.Build.0 = Release to Client(signed)|x86
		{8CB777EB-36ED-45D8-84FF-BDD64AD5026E}.Release to Client(signed)|Win32.ActiveCfg = Release to Client(signed)|x86
		{8CB777EB-36ED-45D8-84FF-BDD64AD5026E}.Release to Client(signed)|x64.ActiveCfg = Release to Client(signed)|x86
		{8CB777EB-36ED-45D8-84FF-BDD64AD5026E}.Release to Client(signed)|x86.ActiveCfg = Release to Client(signed)|x86
		{8CB777EB-36ED-45D8-84FF-BDD64AD5026E}.Release to Client(signed)|x86.Build.0 = Release to Client(signed)|x86
		{8CB777EB-36ED-45D8-84FF-BDD64AD5026E}.Release|Any CPU.ActiveCfg = Release|x86
		{8CB777EB-36ED-45D8-84FF-BDD64AD5026E}.Release|Any CPU.Build.0 = Release|x86
		{8CB777EB-36ED-45D8-84FF-BDD64AD5026E}.Release|Mixed Platforms.ActiveCfg = Release|Any CPU
		{8CB777EB-36ED-45D8-84FF-BDD64AD5026E}.Release|Mixed Platforms.Build.0 = Release|Any CPU
		{8CB777EB-36ED-45D8-84FF-BDD64AD5026E}.Release|Win32.ActiveCfg = Release|x86
		{8CB777EB-36ED-45D8-84FF-BDD64AD5026E}.Release|x64.ActiveCfg = Release|x86
		{8CB777EB-36ED-45D8-84FF-BDD64AD5026E}.Release|x86.ActiveCfg = Release|x86
		{8CB777EB-36ED-45D8-84FF-BDD64AD5026E}.Release|x86.Build.0 = Release|x86
		{289C4B72-B929-4E3D-808F-F622E275AC70}.Debug|Any CPU.ActiveCfg = Release|Any CPU
		{289C4B72-B929-4E3D-808F-F622E275AC70}.Debug|Mixed Platforms.ActiveCfg = Debug|x86
		{289C4B72-B929-4E3D-808F-F622E275AC70}.Debug|Win32.ActiveCfg = Debug|x86
		{289C4B72-B929-4E3D-808F-F622E275AC70}.Debug|x64.ActiveCfg = Debug|x86
		{289C4B72-B929-4E3D-808F-F622E275AC70}.Debug|x86.ActiveCfg = Debug|x86
		{289C4B72-B929-4E3D-808F-F622E275AC70}.Debug|x86.Build.0 = Debug|x86
		{289C4B72-B929-4E3D-808F-F622E275AC70}.DebugWord2003|Any CPU.ActiveCfg = DebugWord2003|Any CPU
		{289C4B72-B929-4E3D-808F-F622E275AC70}.DebugWord2003|Mixed Platforms.ActiveCfg = DebugWord2003|x86
		{289C4B72-B929-4E3D-808F-F622E275AC70}.DebugWord2003|Mixed Platforms.Build.0 = DebugWord2003|x86
		{289C4B72-B929-4E3D-808F-F622E275AC70}.DebugWord2003|Win32.ActiveCfg = DebugWord2003|x86
		{289C4B72-B929-4E3D-808F-F622E275AC70}.DebugWord2003|x64.ActiveCfg = DebugWord2003|x86
		{289C4B72-B929-4E3D-808F-F622E275AC70}.DebugWord2003|x86.ActiveCfg = DebugWord2003|x86
		{289C4B72-B929-4E3D-808F-F622E275AC70}.DebugWord2003|x86.Build.0 = DebugWord2003|x86
		{289C4B72-B929-4E3D-808F-F622E275AC70}.Release to Client(signed)|Any CPU.ActiveCfg = Release to Client(signed)|Any CPU
		{289C4B72-B929-4E3D-808F-F622E275AC70}.Release to Client(signed)|Any CPU.Build.0 = Release to Client(signed)|Any CPU
		{289C4B72-B929-4E3D-808F-F622E275AC70}.Release to Client(signed)|Mixed Platforms.ActiveCfg = Release to Client(signed)|x86
		{289C4B72-B929-4E3D-808F-F622E275AC70}.Release to Client(signed)|Mixed Platforms.Build.0 = Release to Client(signed)|x86
		{289C4B72-B929-4E3D-808F-F622E275AC70}.Release to Client(signed)|Win32.ActiveCfg = Release to Client(signed)|x86
		{289C4B72-B929-4E3D-808F-F622E275AC70}.Release to Client(signed)|x64.ActiveCfg = Release to Client(signed)|x86
		{289C4B72-B929-4E3D-808F-F622E275AC70}.Release to Client(signed)|x86.ActiveCfg = Release to Client(signed)|x86
		{289C4B72-B929-4E3D-808F-F622E275AC70}.Release to Client(signed)|x86.Build.0 = Release to Client(signed)|x86
		{289C4B72-B929-4E3D-808F-F622E275AC70}.Release|Any CPU.ActiveCfg = Debug|Any CPU
		{289C4B72-B929-4E3D-808F-F622E275AC70}.Release|Any CPU.Build.0 = Debug|Any CPU
		{289C4B72-B929-4E3D-808F-F622E275AC70}.Release|Mixed Platforms.ActiveCfg = Release|x86
		{289C4B72-B929-4E3D-808F-F622E275AC70}.Release|Mixed Platforms.Build.0 = Release|x86
		{289C4B72-B929-4E3D-808F-F622E275AC70}.Release|Win32.ActiveCfg = Release|x86
		{289C4B72-B929-4E3D-808F-F622E275AC70}.Release|x64.ActiveCfg = Release|x86
		{289C4B72-B929-4E3D-808F-F622E275AC70}.Release|x86.ActiveCfg = Release|x86
		{289C4B72-B929-4E3D-808F-F622E275AC70}.Release|x86.Build.0 = Release|x86
		{B0969429-0358-4569-9C5D-B77C90A0ED05}.Debug|Any CPU.ActiveCfg = Release
		{B0969429-0358-4569-9C5D-B77C90A0ED05}.Debug|Mixed Platforms.ActiveCfg = Debug
		{B0969429-0358-4569-9C5D-B77C90A0ED05}.Debug|Win32.ActiveCfg = Debug
		{B0969429-0358-4569-9C5D-B77C90A0ED05}.Debug|Win32.Build.0 = Debug
		{B0969429-0358-4569-9C5D-B77C90A0ED05}.Debug|x64.ActiveCfg = DebugWord2003
		{B0969429-0358-4569-9C5D-B77C90A0ED05}.Debug|x64.Build.0 = DebugWord2003
		{B0969429-0358-4569-9C5D-B77C90A0ED05}.Debug|x86.ActiveCfg = Debug
		{B0969429-0358-4569-9C5D-B77C90A0ED05}.DebugWord2003|Any CPU.ActiveCfg = DebugWord2003
		{B0969429-0358-4569-9C5D-B77C90A0ED05}.DebugWord2003|Mixed Platforms.ActiveCfg = DebugWord2003
		{B0969429-0358-4569-9C5D-B77C90A0ED05}.DebugWord2003|Mixed Platforms.Build.0 = DebugWord2003
		{B0969429-0358-4569-9C5D-B77C90A0ED05}.DebugWord2003|Win32.ActiveCfg = DebugWord2003
		{B0969429-0358-4569-9C5D-B77C90A0ED05}.DebugWord2003|Win32.Build.0 = DebugWord2003
		{B0969429-0358-4569-9C5D-B77C90A0ED05}.DebugWord2003|x64.ActiveCfg = DebugWord2003
		{B0969429-0358-4569-9C5D-B77C90A0ED05}.DebugWord2003|x64.Build.0 = DebugWord2003
		{B0969429-0358-4569-9C5D-B77C90A0ED05}.DebugWord2003|x86.ActiveCfg = DebugWord2003
		{B0969429-0358-4569-9C5D-B77C90A0ED05}.DebugWord2003|x86.Build.0 = DebugWord2003
		{B0969429-0358-4569-9C5D-B77C90A0ED05}.Release to Client(signed)|Any CPU.ActiveCfg = Release to Client(signed)
		{B0969429-0358-4569-9C5D-B77C90A0ED05}.Release to Client(signed)|Any CPU.Build.0 = Release to Client(signed)
		{B0969429-0358-4569-9C5D-B77C90A0ED05}.Release to Client(signed)|Mixed Platforms.ActiveCfg = Release to Client(signed)
		{B0969429-0358-4569-9C5D-B77C90A0ED05}.Release to Client(signed)|Mixed Platforms.Build.0 = Release to Client(signed)
		{B0969429-0358-4569-9C5D-B77C90A0ED05}.Release to Client(signed)|Win32.ActiveCfg = Release to Client(signed)
		{B0969429-0358-4569-9C5D-B77C90A0ED05}.Release to Client(signed)|Win32.Build.0 = Release to Client(signed)
		{B0969429-0358-4569-9C5D-B77C90A0ED05}.Release to Client(signed)|x64.ActiveCfg = Release to Client(signed)
		{B0969429-0358-4569-9C5D-B77C90A0ED05}.Release to Client(signed)|x64.Build.0 = Release to Client(signed)
		{B0969429-0358-4569-9C5D-B77C90A0ED05}.Release to Client(signed)|x86.ActiveCfg = Release to Client(signed)
		{B0969429-0358-4569-9C5D-B77C90A0ED05}.Release to Client(signed)|x86.Build.0 = Release to Client(signed)
		{B0969429-0358-4569-9C5D-B77C90A0ED05}.Release|Any CPU.ActiveCfg = Release
		{B0969429-0358-4569-9C5D-B77C90A0ED05}.Release|Mixed Platforms.ActiveCfg = Release
		{B0969429-0358-4569-9C5D-B77C90A0ED05}.Release|Mixed Platforms.Build.0 = Release
		{B0969429-0358-4569-9C5D-B77C90A0ED05}.Release|Win32.ActiveCfg = Release
		{B0969429-0358-4569-9C5D-B77C90A0ED05}.Release|Win32.Build.0 = Release
		{B0969429-0358-4569-9C5D-B77C90A0ED05}.Release|x64.ActiveCfg = Release to Client(signed)
		{B0969429-0358-4569-9C5D-B77C90A0ED05}.Release|x64.Build.0 = Release to Client(signed)
		{B0969429-0358-4569-9C5D-B77C90A0ED05}.Release|x86.ActiveCfg = Release
		{BB7510E0-87FB-4514-AF94-3F21332FB236}.Debug|Any CPU.ActiveCfg = Debug|Any CPU
		{BB7510E0-87FB-4514-AF94-3F21332FB236}.Debug|Any CPU.Build.0 = Debug|Any CPU
		{BB7510E0-87FB-4514-AF94-3F21332FB236}.Debug|Mixed Platforms.ActiveCfg = Debug|Any CPU
		{BB7510E0-87FB-4514-AF94-3F21332FB236}.Debug|Mixed Platforms.Build.0 = Debug|Any CPU
		{BB7510E0-87FB-4514-AF94-3F21332FB236}.Debug|Win32.ActiveCfg = Debug|Any CPU
		{BB7510E0-87FB-4514-AF94-3F21332FB236}.Debug|x64.ActiveCfg = Debug|Any CPU
		{BB7510E0-87FB-4514-AF94-3F21332FB236}.Debug|x86.ActiveCfg = Debug|Any CPU
		{BB7510E0-87FB-4514-AF94-3F21332FB236}.DebugWord2003|Any CPU.ActiveCfg = DebugWord2003|Any CPU
		{BB7510E0-87FB-4514-AF94-3F21332FB236}.DebugWord2003|Any CPU.Build.0 = DebugWord2003|Any CPU
		{BB7510E0-87FB-4514-AF94-3F21332FB236}.DebugWord2003|Mixed Platforms.ActiveCfg = DebugWord2003|Any CPU
		{BB7510E0-87FB-4514-AF94-3F21332FB236}.DebugWord2003|Mixed Platforms.Build.0 = DebugWord2003|Any CPU
		{BB7510E0-87FB-4514-AF94-3F21332FB236}.DebugWord2003|Win32.ActiveCfg = DebugWord2003|Any CPU
		{BB7510E0-87FB-4514-AF94-3F21332FB236}.DebugWord2003|x64.ActiveCfg = DebugWord2003|Any CPU
		{BB7510E0-87FB-4514-AF94-3F21332FB236}.DebugWord2003|x86.ActiveCfg = DebugWord2003|Any CPU
		{BB7510E0-87FB-4514-AF94-3F21332FB236}.Release to Client(signed)|Any CPU.ActiveCfg = Release to Client(signed)|Any CPU
		{BB7510E0-87FB-4514-AF94-3F21332FB236}.Release to Client(signed)|Any CPU.Build.0 = Release to Client(signed)|Any CPU
		{BB7510E0-87FB-4514-AF94-3F21332FB236}.Release to Client(signed)|Mixed Platforms.ActiveCfg = Release to Client(signed)|Any CPU
		{BB7510E0-87FB-4514-AF94-3F21332FB236}.Release to Client(signed)|Mixed Platforms.Build.0 = Release to Client(signed)|Any CPU
		{BB7510E0-87FB-4514-AF94-3F21332FB236}.Release to Client(signed)|Win32.ActiveCfg = Release to Client(signed)|Any CPU
		{BB7510E0-87FB-4514-AF94-3F21332FB236}.Release to Client(signed)|x64.ActiveCfg = Release to Client(signed)|Any CPU
		{BB7510E0-87FB-4514-AF94-3F21332FB236}.Release to Client(signed)|x86.ActiveCfg = Release to Client(signed)|Any CPU
		{BB7510E0-87FB-4514-AF94-3F21332FB236}.Release|Any CPU.ActiveCfg = Release|Any CPU
		{BB7510E0-87FB-4514-AF94-3F21332FB236}.Release|Any CPU.Build.0 = Release|Any CPU
		{BB7510E0-87FB-4514-AF94-3F21332FB236}.Release|Mixed Platforms.ActiveCfg = Release|Any CPU
		{BB7510E0-87FB-4514-AF94-3F21332FB236}.Release|Mixed Platforms.Build.0 = Release|Any CPU
		{BB7510E0-87FB-4514-AF94-3F21332FB236}.Release|Win32.ActiveCfg = Release|Any CPU
		{BB7510E0-87FB-4514-AF94-3F21332FB236}.Release|x64.ActiveCfg = Release|x64
		{BB7510E0-87FB-4514-AF94-3F21332FB236}.Release|x64.Build.0 = Release|x64
		{BB7510E0-87FB-4514-AF94-3F21332FB236}.Release|x86.ActiveCfg = Release|Any CPU
		{9B3A86F5-D5A5-4CC2-A995-2362A28D0EA9}.Debug|Any CPU.ActiveCfg = Debug|Any CPU
		{9B3A86F5-D5A5-4CC2-A995-2362A28D0EA9}.Debug|Any CPU.Build.0 = Debug|Any CPU
		{9B3A86F5-D5A5-4CC2-A995-2362A28D0EA9}.Debug|Mixed Platforms.ActiveCfg = Debug|Any CPU
		{9B3A86F5-D5A5-4CC2-A995-2362A28D0EA9}.Debug|Mixed Platforms.Build.0 = Debug|Any CPU
		{9B3A86F5-D5A5-4CC2-A995-2362A28D0EA9}.Debug|Win32.ActiveCfg = Debug|Any CPU
		{9B3A86F5-D5A5-4CC2-A995-2362A28D0EA9}.Debug|x64.ActiveCfg = Debug|Any CPU
		{9B3A86F5-D5A5-4CC2-A995-2362A28D0EA9}.Debug|x86.ActiveCfg = Debug|Any CPU
		{9B3A86F5-D5A5-4CC2-A995-2362A28D0EA9}.DebugWord2003|Any CPU.ActiveCfg = DebugWord2003|Any CPU
		{9B3A86F5-D5A5-4CC2-A995-2362A28D0EA9}.DebugWord2003|Mixed Platforms.ActiveCfg = DebugWord2003|Any CPU
		{9B3A86F5-D5A5-4CC2-A995-2362A28D0EA9}.DebugWord2003|Mixed Platforms.Build.0 = DebugWord2003|Any CPU
		{9B3A86F5-D5A5-4CC2-A995-2362A28D0EA9}.DebugWord2003|Win32.ActiveCfg = DebugWord2003|Any CPU
		{9B3A86F5-D5A5-4CC2-A995-2362A28D0EA9}.DebugWord2003|x64.ActiveCfg = DebugWord2003|Any CPU
		{9B3A86F5-D5A5-4CC2-A995-2362A28D0EA9}.DebugWord2003|x86.ActiveCfg = DebugWord2003|Any CPU
		{9B3A86F5-D5A5-4CC2-A995-2362A28D0EA9}.Release to Client(signed)|Any CPU.ActiveCfg = Release to Client(signed)|Any CPU
		{9B3A86F5-D5A5-4CC2-A995-2362A28D0EA9}.Release to Client(signed)|Any CPU.Build.0 = Release to Client(signed)|Any CPU
		{9B3A86F5-D5A5-4CC2-A995-2362A28D0EA9}.Release to Client(signed)|Mixed Platforms.ActiveCfg = Release to Client(signed)|Any CPU
		{9B3A86F5-D5A5-4CC2-A995-2362A28D0EA9}.Release to Client(signed)|Mixed Platforms.Build.0 = Release to Client(signed)|Any CPU
		{9B3A86F5-D5A5-4CC2-A995-2362A28D0EA9}.Release to Client(signed)|Win32.ActiveCfg = Release to Client(signed)|Any CPU
		{9B3A86F5-D5A5-4CC2-A995-2362A28D0EA9}.Release to Client(signed)|x64.ActiveCfg = Release to Client(signed)|Any CPU
		{9B3A86F5-D5A5-4CC2-A995-2362A28D0EA9}.Release to Client(signed)|x86.ActiveCfg = Release to Client(signed)|Any CPU
		{9B3A86F5-D5A5-4CC2-A995-2362A28D0EA9}.Release|Any CPU.ActiveCfg = Release|Any CPU
		{9B3A86F5-D5A5-4CC2-A995-2362A28D0EA9}.Release|Any CPU.Build.0 = Release|Any CPU
		{9B3A86F5-D5A5-4CC2-A995-2362A28D0EA9}.Release|Mixed Platforms.ActiveCfg = Release|Any CPU
		{9B3A86F5-D5A5-4CC2-A995-2362A28D0EA9}.Release|Mixed Platforms.Build.0 = Release|Any CPU
		{9B3A86F5-D5A5-4CC2-A995-2362A28D0EA9}.Release|Win32.ActiveCfg = Release|Any CPU
		{9B3A86F5-D5A5-4CC2-A995-2362A28D0EA9}.Release|x64.ActiveCfg = Release|x64
		{9B3A86F5-D5A5-4CC2-A995-2362A28D0EA9}.Release|x64.Build.0 = Release|x64
		{9B3A86F5-D5A5-4CC2-A995-2362A28D0EA9}.Release|x86.ActiveCfg = Release|Any CPU
		{94C3A3CB-7A9A-4D65-8345-21A0D52E82A7}.Debug|Any CPU.ActiveCfg = Debug|Any CPU
		{94C3A3CB-7A9A-4D65-8345-21A0D52E82A7}.Debug|Mixed Platforms.ActiveCfg = Debug|Any CPU
		{94C3A3CB-7A9A-4D65-8345-21A0D52E82A7}.Debug|Mixed Platforms.Build.0 = Debug|Any CPU
		{94C3A3CB-7A9A-4D65-8345-21A0D52E82A7}.Debug|Win32.ActiveCfg = Debug|Any CPU
		{94C3A3CB-7A9A-4D65-8345-21A0D52E82A7}.Debug|x64.ActiveCfg = Debug|Any CPU
		{94C3A3CB-7A9A-4D65-8345-21A0D52E82A7}.Debug|x86.ActiveCfg = Debug|Any CPU
		{94C3A3CB-7A9A-4D65-8345-21A0D52E82A7}.DebugWord2003|Any CPU.ActiveCfg = DebugWord2003|Any CPU
		{94C3A3CB-7A9A-4D65-8345-21A0D52E82A7}.DebugWord2003|Any CPU.Build.0 = DebugWord2003|Any CPU
		{94C3A3CB-7A9A-4D65-8345-21A0D52E82A7}.DebugWord2003|Mixed Platforms.ActiveCfg = DebugWord2003|Any CPU
		{94C3A3CB-7A9A-4D65-8345-21A0D52E82A7}.DebugWord2003|Mixed Platforms.Build.0 = DebugWord2003|Any CPU
		{94C3A3CB-7A9A-4D65-8345-21A0D52E82A7}.DebugWord2003|Win32.ActiveCfg = DebugWord2003|Any CPU
		{94C3A3CB-7A9A-4D65-8345-21A0D52E82A7}.DebugWord2003|x64.ActiveCfg = DebugWord2003|Any CPU
		{94C3A3CB-7A9A-4D65-8345-21A0D52E82A7}.DebugWord2003|x86.ActiveCfg = DebugWord2003|Any CPU
		{94C3A3CB-7A9A-4D65-8345-21A0D52E82A7}.Release to Client(signed)|Any CPU.ActiveCfg = Release to Client(signed)|Any CPU
		{94C3A3CB-7A9A-4D65-8345-21A0D52E82A7}.Release to Client(signed)|Any CPU.Build.0 = Release to Client(signed)|Any CPU
		{94C3A3CB-7A9A-4D65-8345-21A0D52E82A7}.Release to Client(signed)|Mixed Platforms.ActiveCfg = Release to Client(signed)|Any CPU
		{94C3A3CB-7A9A-4D65-8345-21A0D52E82A7}.Release to Client(signed)|Mixed Platforms.Build.0 = Release to Client(signed)|Any CPU
		{94C3A3CB-7A9A-4D65-8345-21A0D52E82A7}.Release to Client(signed)|Win32.ActiveCfg = Release to Client(signed)|Any CPU
		{94C3A3CB-7A9A-4D65-8345-21A0D52E82A7}.Release to Client(signed)|x64.ActiveCfg = Release to Client(signed)|Any CPU
		{94C3A3CB-7A9A-4D65-8345-21A0D52E82A7}.Release to Client(signed)|x86.ActiveCfg = Release to Client(signed)|Any CPU
		{94C3A3CB-7A9A-4D65-8345-21A0D52E82A7}.Release|Any CPU.ActiveCfg = Release|Any CPU
		{94C3A3CB-7A9A-4D65-8345-21A0D52E82A7}.Release|Any CPU.Build.0 = Release|Any CPU
		{94C3A3CB-7A9A-4D65-8345-21A0D52E82A7}.Release|Mixed Platforms.ActiveCfg = Release|Any CPU
		{94C3A3CB-7A9A-4D65-8345-21A0D52E82A7}.Release|Mixed Platforms.Build.0 = Release|Any CPU
		{94C3A3CB-7A9A-4D65-8345-21A0D52E82A7}.Release|Win32.ActiveCfg = Release|Any CPU
		{94C3A3CB-7A9A-4D65-8345-21A0D52E82A7}.Release|x64.ActiveCfg = Release|Any CPU
		{94C3A3CB-7A9A-4D65-8345-21A0D52E82A7}.Release|x86.ActiveCfg = Release|Any CPU
		{5042FD6C-3583-46FB-8A76-1F0C489030C4}.Debug|Any CPU.ActiveCfg = Debug|Any CPU
		{5042FD6C-3583-46FB-8A76-1F0C489030C4}.Debug|Mixed Platforms.ActiveCfg = Debug|Any CPU
		{5042FD6C-3583-46FB-8A76-1F0C489030C4}.Debug|Mixed Platforms.Build.0 = Debug|Any CPU
		{5042FD6C-3583-46FB-8A76-1F0C489030C4}.Debug|Win32.ActiveCfg = Debug|Any CPU
		{5042FD6C-3583-46FB-8A76-1F0C489030C4}.Debug|x64.ActiveCfg = Debug|Any CPU
		{5042FD6C-3583-46FB-8A76-1F0C489030C4}.Debug|x86.ActiveCfg = Debug|Any CPU
		{5042FD6C-3583-46FB-8A76-1F0C489030C4}.DebugWord2003|Any CPU.ActiveCfg = DebugWord2003|Any CPU
		{5042FD6C-3583-46FB-8A76-1F0C489030C4}.DebugWord2003|Mixed Platforms.ActiveCfg = DebugWord2003|Any CPU
		{5042FD6C-3583-46FB-8A76-1F0C489030C4}.DebugWord2003|Mixed Platforms.Build.0 = DebugWord2003|Any CPU
		{5042FD6C-3583-46FB-8A76-1F0C489030C4}.DebugWord2003|Win32.ActiveCfg = DebugWord2003|Any CPU
		{5042FD6C-3583-46FB-8A76-1F0C489030C4}.DebugWord2003|x64.ActiveCfg = DebugWord2003|Any CPU
		{5042FD6C-3583-46FB-8A76-1F0C489030C4}.DebugWord2003|x86.ActiveCfg = DebugWord2003|Any CPU
		{5042FD6C-3583-46FB-8A76-1F0C489030C4}.Release to Client(signed)|Any CPU.ActiveCfg = Release to Client(signed)|Any CPU
		{5042FD6C-3583-46FB-8A76-1F0C489030C4}.Release to Client(signed)|Any CPU.Build.0 = Release to Client(signed)|Any CPU
		{5042FD6C-3583-46FB-8A76-1F0C489030C4}.Release to Client(signed)|Mixed Platforms.ActiveCfg = Release to Client(signed)|Any CPU
		{5042FD6C-3583-46FB-8A76-1F0C489030C4}.Release to Client(signed)|Mixed Platforms.Build.0 = Release to Client(signed)|Any CPU
		{5042FD6C-3583-46FB-8A76-1F0C489030C4}.Release to Client(signed)|Win32.ActiveCfg = Release to Client(signed)|Any CPU
		{5042FD6C-3583-46FB-8A76-1F0C489030C4}.Release to Client(signed)|x64.ActiveCfg = Release to Client(signed)|Any CPU
		{5042FD6C-3583-46FB-8A76-1F0C489030C4}.Release to Client(signed)|x86.ActiveCfg = Release to Client(signed)|Any CPU
		{5042FD6C-3583-46FB-8A76-1F0C489030C4}.Release|Any CPU.ActiveCfg = Release|Any CPU
		{5042FD6C-3583-46FB-8A76-1F0C489030C4}.Release|Any CPU.Build.0 = Release|Any CPU
		{5042FD6C-3583-46FB-8A76-1F0C489030C4}.Release|Mixed Platforms.ActiveCfg = Release|Any CPU
		{5042FD6C-3583-46FB-8A76-1F0C489030C4}.Release|Mixed Platforms.Build.0 = Release|Any CPU
		{5042FD6C-3583-46FB-8A76-1F0C489030C4}.Release|Win32.ActiveCfg = Release|Any CPU
		{5042FD6C-3583-46FB-8A76-1F0C489030C4}.Release|x64.ActiveCfg = Release|Any CPU
		{5042FD6C-3583-46FB-8A76-1F0C489030C4}.Release|x86.ActiveCfg = Release|Any CPU
		{A5A68EF3-D782-4F02-96B1-0814E26C4032}.Debug|Any CPU.ActiveCfg = Debug|Win32
		{A5A68EF3-D782-4F02-96B1-0814E26C4032}.Debug|Any CPU.Build.0 = Debug|Win32
		{A5A68EF3-D782-4F02-96B1-0814E26C4032}.Debug|Mixed Platforms.ActiveCfg = Debug|Win32
		{A5A68EF3-D782-4F02-96B1-0814E26C4032}.Debug|Win32.ActiveCfg = Debug|Win32
		{A5A68EF3-D782-4F02-96B1-0814E26C4032}.Debug|Win32.Build.0 = Debug|Win32
		{A5A68EF3-D782-4F02-96B1-0814E26C4032}.Debug|x64.ActiveCfg = Debug|x64
		{A5A68EF3-D782-4F02-96B1-0814E26C4032}.Debug|x64.Build.0 = Debug|x64
		{A5A68EF3-D782-4F02-96B1-0814E26C4032}.Debug|x86.ActiveCfg = Debug|Win32
		{A5A68EF3-D782-4F02-96B1-0814E26C4032}.DebugWord2003|Any CPU.ActiveCfg = DebugWord2003|x64
		{A5A68EF3-D782-4F02-96B1-0814E26C4032}.DebugWord2003|Mixed Platforms.ActiveCfg = DebugWord2003|x64
		{A5A68EF3-D782-4F02-96B1-0814E26C4032}.DebugWord2003|Mixed Platforms.Build.0 = DebugWord2003|x64
		{A5A68EF3-D782-4F02-96B1-0814E26C4032}.DebugWord2003|Win32.ActiveCfg = DebugWord2003|Win32
		{A5A68EF3-D782-4F02-96B1-0814E26C4032}.DebugWord2003|Win32.Build.0 = DebugWord2003|Win32
		{A5A68EF3-D782-4F02-96B1-0814E26C4032}.DebugWord2003|x64.ActiveCfg = DebugWord2003|x64
		{A5A68EF3-D782-4F02-96B1-0814E26C4032}.DebugWord2003|x64.Build.0 = DebugWord2003|x64
		{A5A68EF3-D782-4F02-96B1-0814E26C4032}.DebugWord2003|x86.ActiveCfg = DebugWord2003|x64
		{A5A68EF3-D782-4F02-96B1-0814E26C4032}.Release to Client(signed)|Any CPU.ActiveCfg = Release|Win32
		{A5A68EF3-D782-4F02-96B1-0814E26C4032}.Release to Client(signed)|Mixed Platforms.ActiveCfg = Release|Win32
		{A5A68EF3-D782-4F02-96B1-0814E26C4032}.Release to Client(signed)|Mixed Platforms.Build.0 = Release|Win32
		{A5A68EF3-D782-4F02-96B1-0814E26C4032}.Release to Client(signed)|Win32.ActiveCfg = Release|Win32
		{A5A68EF3-D782-4F02-96B1-0814E26C4032}.Release to Client(signed)|Win32.Build.0 = Release|Win32
		{A5A68EF3-D782-4F02-96B1-0814E26C4032}.Release to Client(signed)|x64.ActiveCfg = Release|x64
		{A5A68EF3-D782-4F02-96B1-0814E26C4032}.Release to Client(signed)|x64.Build.0 = Release|x64
		{A5A68EF3-D782-4F02-96B1-0814E26C4032}.Release to Client(signed)|x86.ActiveCfg = Release|Win32
		{A5A68EF3-D782-4F02-96B1-0814E26C4032}.Release|Any CPU.ActiveCfg = Release|x64
		{A5A68EF3-D782-4F02-96B1-0814E26C4032}.Release|Mixed Platforms.ActiveCfg = Release|x64
		{A5A68EF3-D782-4F02-96B1-0814E26C4032}.Release|Mixed Platforms.Build.0 = Release|x64
		{A5A68EF3-D782-4F02-96B1-0814E26C4032}.Release|Win32.ActiveCfg = Release|Win32
		{A5A68EF3-D782-4F02-96B1-0814E26C4032}.Release|Win32.Build.0 = Release|Win32
		{A5A68EF3-D782-4F02-96B1-0814E26C4032}.Release|x64.ActiveCfg = Release|x64
		{A5A68EF3-D782-4F02-96B1-0814E26C4032}.Release|x64.Build.0 = Release|x64
		{A5A68EF3-D782-4F02-96B1-0814E26C4032}.Release|x86.ActiveCfg = Release|Win32
		{16E78651-43DF-46A8-91C3-C977C0C179BA}.Debug|Any CPU.ActiveCfg = Debug|Win32
		{16E78651-43DF-46A8-91C3-C977C0C179BA}.Debug|Mixed Platforms.ActiveCfg = Debug|Win32
		{16E78651-43DF-46A8-91C3-C977C0C179BA}.Debug|Win32.ActiveCfg = Debug|Win32
		{16E78651-43DF-46A8-91C3-C977C0C179BA}.Debug|Win32.Build.0 = Debug|Win32
		{16E78651-43DF-46A8-91C3-C977C0C179BA}.Debug|x64.ActiveCfg = Debug|Win32
		{16E78651-43DF-46A8-91C3-C977C0C179BA}.Debug|x86.ActiveCfg = Debug|Win32
		{16E78651-43DF-46A8-91C3-C977C0C179BA}.DebugWord2003|Any CPU.ActiveCfg = DebugWord2003|Win32
		{16E78651-43DF-46A8-91C3-C977C0C179BA}.DebugWord2003|Mixed Platforms.ActiveCfg = DebugWord2003|Win32
		{16E78651-43DF-46A8-91C3-C977C0C179BA}.DebugWord2003|Mixed Platforms.Build.0 = DebugWord2003|Win32
		{16E78651-43DF-46A8-91C3-C977C0C179BA}.DebugWord2003|Win32.ActiveCfg = DebugWord2003|Win32
		{16E78651-43DF-46A8-91C3-C977C0C179BA}.DebugWord2003|Win32.Build.0 = DebugWord2003|Win32
		{16E78651-43DF-46A8-91C3-C977C0C179BA}.DebugWord2003|x64.ActiveCfg = DebugWord2003|Win32
		{16E78651-43DF-46A8-91C3-C977C0C179BA}.DebugWord2003|x86.ActiveCfg = DebugWord2003|Win32
		{16E78651-43DF-46A8-91C3-C977C0C179BA}.Release to Client(signed)|Any CPU.ActiveCfg = Release|Win32
		{16E78651-43DF-46A8-91C3-C977C0C179BA}.Release to Client(signed)|Mixed Platforms.ActiveCfg = Release|Win32
		{16E78651-43DF-46A8-91C3-C977C0C179BA}.Release to Client(signed)|Mixed Platforms.Build.0 = Release|Win32
		{16E78651-43DF-46A8-91C3-C977C0C179BA}.Release to Client(signed)|Win32.ActiveCfg = Release|Win32
		{16E78651-43DF-46A8-91C3-C977C0C179BA}.Release to Client(signed)|Win32.Build.0 = Release|Win32
		{16E78651-43DF-46A8-91C3-C977C0C179BA}.Release to Client(signed)|x64.ActiveCfg = Release|Win32
		{16E78651-43DF-46A8-91C3-C977C0C179BA}.Release to Client(signed)|x86.ActiveCfg = Release|Win32
		{16E78651-43DF-46A8-91C3-C977C0C179BA}.Release|Any CPU.ActiveCfg = Release|Win32
		{16E78651-43DF-46A8-91C3-C977C0C179BA}.Release|Mixed Platforms.ActiveCfg = Release|Win32
		{16E78651-43DF-46A8-91C3-C977C0C179BA}.Release|Mixed Platforms.Build.0 = Release|Win32
		{16E78651-43DF-46A8-91C3-C977C0C179BA}.Release|Win32.ActiveCfg = Release|Win32
		{16E78651-43DF-46A8-91C3-C977C0C179BA}.Release|Win32.Build.0 = Release|Win32
		{16E78651-43DF-46A8-91C3-C977C0C179BA}.Release|x64.ActiveCfg = Release|Win32
		{16E78651-43DF-46A8-91C3-C977C0C179BA}.Release|x86.ActiveCfg = Release|Win32
		{9F777C87-F4FC-4954-BF3E-1EF20EE2D11D}.Debug|Any CPU.ActiveCfg = Debug|Any CPU
		{9F777C87-F4FC-4954-BF3E-1EF20EE2D11D}.Debug|Any CPU.Build.0 = Debug|Any CPU
		{9F777C87-F4FC-4954-BF3E-1EF20EE2D11D}.Debug|Mixed Platforms.ActiveCfg = Debug|Any CPU
		{9F777C87-F4FC-4954-BF3E-1EF20EE2D11D}.Debug|Mixed Platforms.Build.0 = Debug|Any CPU
		{9F777C87-F4FC-4954-BF3E-1EF20EE2D11D}.Debug|Win32.ActiveCfg = Debug|Any CPU
		{9F777C87-F4FC-4954-BF3E-1EF20EE2D11D}.Debug|x64.ActiveCfg = Debug|Any CPU
		{9F777C87-F4FC-4954-BF3E-1EF20EE2D11D}.Debug|x86.ActiveCfg = Debug|Any CPU
		{9F777C87-F4FC-4954-BF3E-1EF20EE2D11D}.DebugWord2003|Any CPU.ActiveCfg = DebugWord2003|Any CPU
		{9F777C87-F4FC-4954-BF3E-1EF20EE2D11D}.DebugWord2003|Any CPU.Build.0 = DebugWord2003|Any CPU
		{9F777C87-F4FC-4954-BF3E-1EF20EE2D11D}.DebugWord2003|Mixed Platforms.ActiveCfg = DebugWord2003|Any CPU
		{9F777C87-F4FC-4954-BF3E-1EF20EE2D11D}.DebugWord2003|Mixed Platforms.Build.0 = DebugWord2003|Any CPU
		{9F777C87-F4FC-4954-BF3E-1EF20EE2D11D}.DebugWord2003|Win32.ActiveCfg = DebugWord2003|Any CPU
		{9F777C87-F4FC-4954-BF3E-1EF20EE2D11D}.DebugWord2003|x64.ActiveCfg = DebugWord2003|Any CPU
		{9F777C87-F4FC-4954-BF3E-1EF20EE2D11D}.DebugWord2003|x86.ActiveCfg = DebugWord2003|Any CPU
		{9F777C87-F4FC-4954-BF3E-1EF20EE2D11D}.Release to Client(signed)|Any CPU.ActiveCfg = Release|Any CPU
		{9F777C87-F4FC-4954-BF3E-1EF20EE2D11D}.Release to Client(signed)|Any CPU.Build.0 = Release|Any CPU
		{9F777C87-F4FC-4954-BF3E-1EF20EE2D11D}.Release to Client(signed)|Mixed Platforms.ActiveCfg = Release|Any CPU
		{9F777C87-F4FC-4954-BF3E-1EF20EE2D11D}.Release to Client(signed)|Mixed Platforms.Build.0 = Release|Any CPU
		{9F777C87-F4FC-4954-BF3E-1EF20EE2D11D}.Release to Client(signed)|Win32.ActiveCfg = Release|Any CPU
		{9F777C87-F4FC-4954-BF3E-1EF20EE2D11D}.Release to Client(signed)|x64.ActiveCfg = Release|Any CPU
		{9F777C87-F4FC-4954-BF3E-1EF20EE2D11D}.Release to Client(signed)|x86.ActiveCfg = Release|Any CPU
		{9F777C87-F4FC-4954-BF3E-1EF20EE2D11D}.Release|Any CPU.ActiveCfg = Release|Any CPU
		{9F777C87-F4FC-4954-BF3E-1EF20EE2D11D}.Release|Any CPU.Build.0 = Release|Any CPU
		{9F777C87-F4FC-4954-BF3E-1EF20EE2D11D}.Release|Mixed Platforms.ActiveCfg = Release|Any CPU
		{9F777C87-F4FC-4954-BF3E-1EF20EE2D11D}.Release|Mixed Platforms.Build.0 = Release|Any CPU
		{9F777C87-F4FC-4954-BF3E-1EF20EE2D11D}.Release|Win32.ActiveCfg = Release|Any CPU
		{9F777C87-F4FC-4954-BF3E-1EF20EE2D11D}.Release|x64.ActiveCfg = Release|x64
		{9F777C87-F4FC-4954-BF3E-1EF20EE2D11D}.Release|x64.Build.0 = Release|x64
		{9F777C87-F4FC-4954-BF3E-1EF20EE2D11D}.Release|x86.ActiveCfg = Release|Any CPU
		{B4E4CE97-B0B0-48A0-82E4-0E8E9EC9E00E}.Debug|Any CPU.ActiveCfg = Debug|Win32
		{B4E4CE97-B0B0-48A0-82E4-0E8E9EC9E00E}.Debug|Mixed Platforms.ActiveCfg = Debug|Win32
		{B4E4CE97-B0B0-48A0-82E4-0E8E9EC9E00E}.Debug|Win32.ActiveCfg = Debug|Win32
		{B4E4CE97-B0B0-48A0-82E4-0E8E9EC9E00E}.Debug|Win32.Build.0 = Debug|Win32
		{B4E4CE97-B0B0-48A0-82E4-0E8E9EC9E00E}.Debug|x64.ActiveCfg = Debug|Win32
		{B4E4CE97-B0B0-48A0-82E4-0E8E9EC9E00E}.Debug|x86.ActiveCfg = Debug|Win32
		{B4E4CE97-B0B0-48A0-82E4-0E8E9EC9E00E}.DebugWord2003|Any CPU.ActiveCfg = DebugWord2003|Win32
		{B4E4CE97-B0B0-48A0-82E4-0E8E9EC9E00E}.DebugWord2003|Mixed Platforms.ActiveCfg = DebugWord2003|Win32
		{B4E4CE97-B0B0-48A0-82E4-0E8E9EC9E00E}.DebugWord2003|Mixed Platforms.Build.0 = DebugWord2003|Win32
		{B4E4CE97-B0B0-48A0-82E4-0E8E9EC9E00E}.DebugWord2003|Win32.ActiveCfg = DebugWord2003|Win32
		{B4E4CE97-B0B0-48A0-82E4-0E8E9EC9E00E}.DebugWord2003|Win32.Build.0 = DebugWord2003|Win32
		{B4E4CE97-B0B0-48A0-82E4-0E8E9EC9E00E}.DebugWord2003|x64.ActiveCfg = DebugWord2003|Win32
		{B4E4CE97-B0B0-48A0-82E4-0E8E9EC9E00E}.DebugWord2003|x86.ActiveCfg = DebugWord2003|Win32
		{B4E4CE97-B0B0-48A0-82E4-0E8E9EC9E00E}.Release to Client(signed)|Any CPU.ActiveCfg = Release|Win32
		{B4E4CE97-B0B0-48A0-82E4-0E8E9EC9E00E}.Release to Client(signed)|Mixed Platforms.ActiveCfg = Release|Win32
		{B4E4CE97-B0B0-48A0-82E4-0E8E9EC9E00E}.Release to Client(signed)|Mixed Platforms.Build.0 = Release|Win32
		{B4E4CE97-B0B0-48A0-82E4-0E8E9EC9E00E}.Release to Client(signed)|Win32.ActiveCfg = Release|Win32
		{B4E4CE97-B0B0-48A0-82E4-0E8E9EC9E00E}.Release to Client(signed)|Win32.Build.0 = Release|Win32
		{B4E4CE97-B0B0-48A0-82E4-0E8E9EC9E00E}.Release to Client(signed)|x64.ActiveCfg = Release|Win32
		{B4E4CE97-B0B0-48A0-82E4-0E8E9EC9E00E}.Release to Client(signed)|x86.ActiveCfg = Release|Win32
		{B4E4CE97-B0B0-48A0-82E4-0E8E9EC9E00E}.Release|Any CPU.ActiveCfg = Release|Win32
		{B4E4CE97-B0B0-48A0-82E4-0E8E9EC9E00E}.Release|Mixed Platforms.ActiveCfg = Release|Win32
		{B4E4CE97-B0B0-48A0-82E4-0E8E9EC9E00E}.Release|Mixed Platforms.Build.0 = Release|Win32
		{B4E4CE97-B0B0-48A0-82E4-0E8E9EC9E00E}.Release|Win32.ActiveCfg = Release|Win32
		{B4E4CE97-B0B0-48A0-82E4-0E8E9EC9E00E}.Release|Win32.Build.0 = Release|Win32
		{B4E4CE97-B0B0-48A0-82E4-0E8E9EC9E00E}.Release|x64.ActiveCfg = Release|Win32
		{B4E4CE97-B0B0-48A0-82E4-0E8E9EC9E00E}.Release|x86.ActiveCfg = Release|Win32
		{9FD72ED2-BA9C-4F70-A53C-9051F5123816}.Debug|Any CPU.ActiveCfg = Debug|x86
		{9FD72ED2-BA9C-4F70-A53C-9051F5123816}.Debug|Mixed Platforms.ActiveCfg = Debug|x86
		{9FD72ED2-BA9C-4F70-A53C-9051F5123816}.Debug|Win32.ActiveCfg = Debug|x86
		{9FD72ED2-BA9C-4F70-A53C-9051F5123816}.Debug|x64.ActiveCfg = Debug|x86
		{9FD72ED2-BA9C-4F70-A53C-9051F5123816}.Debug|x86.ActiveCfg = Debug|x86
		{9FD72ED2-BA9C-4F70-A53C-9051F5123816}.Debug|x86.Build.0 = Debug|x86
		{9FD72ED2-BA9C-4F70-A53C-9051F5123816}.DebugWord2003|Any CPU.ActiveCfg = DebugWord2003|x86
		{9FD72ED2-BA9C-4F70-A53C-9051F5123816}.DebugWord2003|Mixed Platforms.ActiveCfg = DebugWord2003|x86
		{9FD72ED2-BA9C-4F70-A53C-9051F5123816}.DebugWord2003|Mixed Platforms.Build.0 = DebugWord2003|x86
		{9FD72ED2-BA9C-4F70-A53C-9051F5123816}.DebugWord2003|Win32.ActiveCfg = DebugWord2003|x86
		{9FD72ED2-BA9C-4F70-A53C-9051F5123816}.DebugWord2003|x64.ActiveCfg = DebugWord2003|x86
		{9FD72ED2-BA9C-4F70-A53C-9051F5123816}.DebugWord2003|x86.ActiveCfg = DebugWord2003|x86
		{9FD72ED2-BA9C-4F70-A53C-9051F5123816}.Release to Client(signed)|Any CPU.ActiveCfg = Release|x86
		{9FD72ED2-BA9C-4F70-A53C-9051F5123816}.Release to Client(signed)|Mixed Platforms.ActiveCfg = Release|x86
		{9FD72ED2-BA9C-4F70-A53C-9051F5123816}.Release to Client(signed)|Mixed Platforms.Build.0 = Release|x86
		{9FD72ED2-BA9C-4F70-A53C-9051F5123816}.Release to Client(signed)|Win32.ActiveCfg = Release|x86
		{9FD72ED2-BA9C-4F70-A53C-9051F5123816}.Release to Client(signed)|x64.ActiveCfg = Release|x86
		{9FD72ED2-BA9C-4F70-A53C-9051F5123816}.Release to Client(signed)|x86.ActiveCfg = Release|x86
		{9FD72ED2-BA9C-4F70-A53C-9051F5123816}.Release to Client(signed)|x86.Build.0 = Release|x86
		{9FD72ED2-BA9C-4F70-A53C-9051F5123816}.Release|Any CPU.ActiveCfg = Release|x86
		{9FD72ED2-BA9C-4F70-A53C-9051F5123816}.Release|Mixed Platforms.ActiveCfg = Release|x86
		{9FD72ED2-BA9C-4F70-A53C-9051F5123816}.Release|Win32.ActiveCfg = Release|x86
		{9FD72ED2-BA9C-4F70-A53C-9051F5123816}.Release|x64.ActiveCfg = Release|x86
		{9FD72ED2-BA9C-4F70-A53C-9051F5123816}.Release|x86.ActiveCfg = Release|x86
		{9FD72ED2-BA9C-4F70-A53C-9051F5123816}.Release|x86.Build.0 = Release|x86
		{F5A107B0-9950-46F5-A7D3-74608CCBE43E}.Debug|Any CPU.ActiveCfg = Debug|x86
		{F5A107B0-9950-46F5-A7D3-74608CCBE43E}.Debug|Mixed Platforms.ActiveCfg = Debug|x64
		{F5A107B0-9950-46F5-A7D3-74608CCBE43E}.Debug|Win32.ActiveCfg = Debug|x86
		{F5A107B0-9950-46F5-A7D3-74608CCBE43E}.Debug|x64.ActiveCfg = Debug|x64
		{F5A107B0-9950-46F5-A7D3-74608CCBE43E}.Debug|x64.Build.0 = Debug|x64
		{F5A107B0-9950-46F5-A7D3-74608CCBE43E}.Debug|x86.ActiveCfg = Debug|x86
		{F5A107B0-9950-46F5-A7D3-74608CCBE43E}.Debug|x86.Build.0 = Debug|x86
		{F5A107B0-9950-46F5-A7D3-74608CCBE43E}.DebugWord2003|Any CPU.ActiveCfg = DebugWord2003|x64
		{F5A107B0-9950-46F5-A7D3-74608CCBE43E}.DebugWord2003|Mixed Platforms.ActiveCfg = DebugWord2003|x64
		{F5A107B0-9950-46F5-A7D3-74608CCBE43E}.DebugWord2003|Mixed Platforms.Build.0 = DebugWord2003|x64
		{F5A107B0-9950-46F5-A7D3-74608CCBE43E}.DebugWord2003|Win32.ActiveCfg = DebugWord2003|x64
		{F5A107B0-9950-46F5-A7D3-74608CCBE43E}.DebugWord2003|x64.ActiveCfg = DebugWord2003|x64
		{F5A107B0-9950-46F5-A7D3-74608CCBE43E}.DebugWord2003|x64.Build.0 = DebugWord2003|x64
		{F5A107B0-9950-46F5-A7D3-74608CCBE43E}.DebugWord2003|x86.ActiveCfg = DebugWord2003|x86
		{F5A107B0-9950-46F5-A7D3-74608CCBE43E}.Release to Client(signed)|Any CPU.ActiveCfg = Release|x86
		{F5A107B0-9950-46F5-A7D3-74608CCBE43E}.Release to Client(signed)|Mixed Platforms.ActiveCfg = Release|x86
		{F5A107B0-9950-46F5-A7D3-74608CCBE43E}.Release to Client(signed)|Mixed Platforms.Build.0 = Release|x86
		{F5A107B0-9950-46F5-A7D3-74608CCBE43E}.Release to Client(signed)|Win32.ActiveCfg = Release|x86
		{F5A107B0-9950-46F5-A7D3-74608CCBE43E}.Release to Client(signed)|x64.ActiveCfg = Release|x64
		{F5A107B0-9950-46F5-A7D3-74608CCBE43E}.Release to Client(signed)|x64.Build.0 = Release|x64
		{F5A107B0-9950-46F5-A7D3-74608CCBE43E}.Release to Client(signed)|x86.ActiveCfg = Release|x86
		{F5A107B0-9950-46F5-A7D3-74608CCBE43E}.Release to Client(signed)|x86.Build.0 = Release|x86
		{F5A107B0-9950-46F5-A7D3-74608CCBE43E}.Release|Any CPU.ActiveCfg = Release|x64
		{F5A107B0-9950-46F5-A7D3-74608CCBE43E}.Release|Mixed Platforms.ActiveCfg = Release|x64
		{F5A107B0-9950-46F5-A7D3-74608CCBE43E}.Release|Win32.ActiveCfg = Release|x86
		{F5A107B0-9950-46F5-A7D3-74608CCBE43E}.Release|x64.ActiveCfg = Release|x64
		{F5A107B0-9950-46F5-A7D3-74608CCBE43E}.Release|x64.Build.0 = Release|x64
		{F5A107B0-9950-46F5-A7D3-74608CCBE43E}.Release|x86.ActiveCfg = Release|x86
		{F5A107B0-9950-46F5-A7D3-74608CCBE43E}.Release|x86.Build.0 = Release|x86
		{8BDDCAB0-E3C5-4906-83AF-124863C84531}.Debug|Any CPU.ActiveCfg = Debug|Any CPU
		{8BDDCAB0-E3C5-4906-83AF-124863C84531}.Debug|Any CPU.Build.0 = Debug|Any CPU
		{8BDDCAB0-E3C5-4906-83AF-124863C84531}.Debug|Mixed Platforms.ActiveCfg = Debug|Any CPU
		{8BDDCAB0-E3C5-4906-83AF-124863C84531}.Debug|Mixed Platforms.Build.0 = Debug|Any CPU
		{8BDDCAB0-E3C5-4906-83AF-124863C84531}.Debug|Win32.ActiveCfg = Debug|Any CPU
		{8BDDCAB0-E3C5-4906-83AF-124863C84531}.Debug|x64.ActiveCfg = Debug|Any CPU
		{8BDDCAB0-E3C5-4906-83AF-124863C84531}.Debug|x86.ActiveCfg = Debug|Any CPU
		{8BDDCAB0-E3C5-4906-83AF-124863C84531}.DebugWord2003|Any CPU.ActiveCfg = DebugWord2003|Any CPU
		{8BDDCAB0-E3C5-4906-83AF-124863C84531}.DebugWord2003|Mixed Platforms.ActiveCfg = DebugWord2003|Any CPU
		{8BDDCAB0-E3C5-4906-83AF-124863C84531}.DebugWord2003|Mixed Platforms.Build.0 = DebugWord2003|Any CPU
		{8BDDCAB0-E3C5-4906-83AF-124863C84531}.DebugWord2003|Win32.ActiveCfg = DebugWord2003|Any CPU
		{8BDDCAB0-E3C5-4906-83AF-124863C84531}.DebugWord2003|x64.ActiveCfg = DebugWord2003|Any CPU
		{8BDDCAB0-E3C5-4906-83AF-124863C84531}.DebugWord2003|x86.ActiveCfg = DebugWord2003|Any CPU
		{8BDDCAB0-E3C5-4906-83AF-124863C84531}.Release to Client(signed)|Any CPU.ActiveCfg = Release|Any CPU
		{8BDDCAB0-E3C5-4906-83AF-124863C84531}.Release to Client(signed)|Any CPU.Build.0 = Release|Any CPU
		{8BDDCAB0-E3C5-4906-83AF-124863C84531}.Release to Client(signed)|Mixed Platforms.ActiveCfg = Release|Any CPU
		{8BDDCAB0-E3C5-4906-83AF-124863C84531}.Release to Client(signed)|Mixed Platforms.Build.0 = Release|Any CPU
		{8BDDCAB0-E3C5-4906-83AF-124863C84531}.Release to Client(signed)|Win32.ActiveCfg = Release|Any CPU
		{8BDDCAB0-E3C5-4906-83AF-124863C84531}.Release to Client(signed)|x64.ActiveCfg = Release|Any CPU
		{8BDDCAB0-E3C5-4906-83AF-124863C84531}.Release to Client(signed)|x86.ActiveCfg = Release|Any CPU
		{8BDDCAB0-E3C5-4906-83AF-124863C84531}.Release|Any CPU.ActiveCfg = Release|Any CPU
		{8BDDCAB0-E3C5-4906-83AF-124863C84531}.Release|Any CPU.Build.0 = Release|Any CPU
		{8BDDCAB0-E3C5-4906-83AF-124863C84531}.Release|Mixed Platforms.ActiveCfg = Release|Any CPU
		{8BDDCAB0-E3C5-4906-83AF-124863C84531}.Release|Mixed Platforms.Build.0 = Release|Any CPU
		{8BDDCAB0-E3C5-4906-83AF-124863C84531}.Release|Win32.ActiveCfg = Release|Any CPU
		{8BDDCAB0-E3C5-4906-83AF-124863C84531}.Release|x64.ActiveCfg = Release|Any CPU
		{8BDDCAB0-E3C5-4906-83AF-124863C84531}.Release|x86.ActiveCfg = Release|Any CPU
		{FCB212D1-D9E6-483A-8E9E-24DA0387620F}.Debug|Any CPU.ActiveCfg = Debug|x86
		{FCB212D1-D9E6-483A-8E9E-24DA0387620F}.Debug|Mixed Platforms.ActiveCfg = Debug|x86
		{FCB212D1-D9E6-483A-8E9E-24DA0387620F}.Debug|Mixed Platforms.Build.0 = Debug|x86
		{FCB212D1-D9E6-483A-8E9E-24DA0387620F}.Debug|Win32.ActiveCfg = Debug|x86
		{FCB212D1-D9E6-483A-8E9E-24DA0387620F}.Debug|x64.ActiveCfg = Debug|x86
		{FCB212D1-D9E6-483A-8E9E-24DA0387620F}.Debug|x64.Build.0 = Debug|x86
		{FCB212D1-D9E6-483A-8E9E-24DA0387620F}.Debug|x86.ActiveCfg = Debug|x86
		{FCB212D1-D9E6-483A-8E9E-24DA0387620F}.Debug|x86.Build.0 = Debug|x86
		{FCB212D1-D9E6-483A-8E9E-24DA0387620F}.DebugWord2003|Any CPU.ActiveCfg = DebugWord2003|x86
		{FCB212D1-D9E6-483A-8E9E-24DA0387620F}.DebugWord2003|Mixed Platforms.ActiveCfg = DebugWord2003|x86
		{FCB212D1-D9E6-483A-8E9E-24DA0387620F}.DebugWord2003|Mixed Platforms.Build.0 = DebugWord2003|x86
		{FCB212D1-D9E6-483A-8E9E-24DA0387620F}.DebugWord2003|Win32.ActiveCfg = DebugWord2003|x86
		{FCB212D1-D9E6-483A-8E9E-24DA0387620F}.DebugWord2003|x64.ActiveCfg = DebugWord2003|x86
		{FCB212D1-D9E6-483A-8E9E-24DA0387620F}.DebugWord2003|x86.ActiveCfg = DebugWord2003|x86
		{FCB212D1-D9E6-483A-8E9E-24DA0387620F}.Release to Client(signed)|Any CPU.ActiveCfg = Release|x86
		{FCB212D1-D9E6-483A-8E9E-24DA0387620F}.Release to Client(signed)|Mixed Platforms.ActiveCfg = Release|x86
		{FCB212D1-D9E6-483A-8E9E-24DA0387620F}.Release to Client(signed)|Mixed Platforms.Build.0 = Release|x86
		{FCB212D1-D9E6-483A-8E9E-24DA0387620F}.Release to Client(signed)|Win32.ActiveCfg = Release|x86
		{FCB212D1-D9E6-483A-8E9E-24DA0387620F}.Release to Client(signed)|x64.ActiveCfg = Release|Any CPU
		{FCB212D1-D9E6-483A-8E9E-24DA0387620F}.Release to Client(signed)|x86.ActiveCfg = Release|x86
		{FCB212D1-D9E6-483A-8E9E-24DA0387620F}.Release to Client(signed)|x86.Build.0 = Release|x86
		{FCB212D1-D9E6-483A-8E9E-24DA0387620F}.Release|Any CPU.ActiveCfg = Release|Any CPU
		{FCB212D1-D9E6-483A-8E9E-24DA0387620F}.Release|Any CPU.Build.0 = Release|Any CPU
		{FCB212D1-D9E6-483A-8E9E-24DA0387620F}.Release|Mixed Platforms.ActiveCfg = Release|Any CPU
		{FCB212D1-D9E6-483A-8E9E-24DA0387620F}.Release|Win32.ActiveCfg = Release|x86
		{FCB212D1-D9E6-483A-8E9E-24DA0387620F}.Release|x64.ActiveCfg = Release|x64
		{FCB212D1-D9E6-483A-8E9E-24DA0387620F}.Release|x64.Build.0 = Release|x64
		{FCB212D1-D9E6-483A-8E9E-24DA0387620F}.Release|x86.ActiveCfg = Release|x86
		{FCB212D1-D9E6-483A-8E9E-24DA0387620F}.Release|x86.Build.0 = Release|x86
		{4CCBD86A-2B28-4881-BA85-83D0B086E6D2}.Debug|Any CPU.ActiveCfg = Debug|Any CPU
		{4CCBD86A-2B28-4881-BA85-83D0B086E6D2}.Debug|Any CPU.Build.0 = Debug|Any CPU
		{4CCBD86A-2B28-4881-BA85-83D0B086E6D2}.Debug|Mixed Platforms.ActiveCfg = Debug|x86
		{4CCBD86A-2B28-4881-BA85-83D0B086E6D2}.Debug|Win32.ActiveCfg = Debug|Any CPU
		{4CCBD86A-2B28-4881-BA85-83D0B086E6D2}.Debug|x64.ActiveCfg = Debug|Any CPU
		{4CCBD86A-2B28-4881-BA85-83D0B086E6D2}.Debug|x86.ActiveCfg = Debug|Any CPU
		{4CCBD86A-2B28-4881-BA85-83D0B086E6D2}.DebugWord2003|Any CPU.ActiveCfg = Debug|Any CPU
		{4CCBD86A-2B28-4881-BA85-83D0B086E6D2}.DebugWord2003|Any CPU.Build.0 = Debug|Any CPU
		{4CCBD86A-2B28-4881-BA85-83D0B086E6D2}.DebugWord2003|Mixed Platforms.ActiveCfg = Debug|Any CPU
		{4CCBD86A-2B28-4881-BA85-83D0B086E6D2}.DebugWord2003|Mixed Platforms.Build.0 = Debug|Any CPU
		{4CCBD86A-2B28-4881-BA85-83D0B086E6D2}.DebugWord2003|Win32.ActiveCfg = Debug|Any CPU
		{4CCBD86A-2B28-4881-BA85-83D0B086E6D2}.DebugWord2003|x64.ActiveCfg = Debug|Any CPU
		{4CCBD86A-2B28-4881-BA85-83D0B086E6D2}.DebugWord2003|x86.ActiveCfg = Debug|Any CPU
		{4CCBD86A-2B28-4881-BA85-83D0B086E6D2}.Release to Client(signed)|Any CPU.ActiveCfg = Release|Any CPU
		{4CCBD86A-2B28-4881-BA85-83D0B086E6D2}.Release to Client(signed)|Any CPU.Build.0 = Release|Any CPU
		{4CCBD86A-2B28-4881-BA85-83D0B086E6D2}.Release to Client(signed)|Mixed Platforms.ActiveCfg = Release|Any CPU
		{4CCBD86A-2B28-4881-BA85-83D0B086E6D2}.Release to Client(signed)|Mixed Platforms.Build.0 = Release|Any CPU
		{4CCBD86A-2B28-4881-BA85-83D0B086E6D2}.Release to Client(signed)|Win32.ActiveCfg = Release|Any CPU
		{4CCBD86A-2B28-4881-BA85-83D0B086E6D2}.Release to Client(signed)|x64.ActiveCfg = Release|Any CPU
		{4CCBD86A-2B28-4881-BA85-83D0B086E6D2}.Release to Client(signed)|x86.ActiveCfg = Release|Any CPU
		{4CCBD86A-2B28-4881-BA85-83D0B086E6D2}.Release|Any CPU.ActiveCfg = Release|Any CPU
		{4CCBD86A-2B28-4881-BA85-83D0B086E6D2}.Release|Mixed Platforms.ActiveCfg = Release|x64
		{4CCBD86A-2B28-4881-BA85-83D0B086E6D2}.Release|Win32.ActiveCfg = Release|Any CPU
		{4CCBD86A-2B28-4881-BA85-83D0B086E6D2}.Release|x64.ActiveCfg = Release|x64
		{4CCBD86A-2B28-4881-BA85-83D0B086E6D2}.Release|x64.Build.0 = Release|x64
		{4CCBD86A-2B28-4881-BA85-83D0B086E6D2}.Release|x86.ActiveCfg = Release|Any CPU
	EndGlobalSection
	GlobalSection(SolutionProperties) = preSolution
		HideSolutionNode = FALSE
	EndGlobalSection
	GlobalSection(NestedProjects) = preSolution
		{599773FF-1E86-4AC2-8B24-34BBAC707370} = {8BC2F418-26E0-454F-94D1-D32EB2212FCB}
		{8CB777EB-36ED-45D8-84FF-BDD64AD5026E} = {8BC2F418-26E0-454F-94D1-D32EB2212FCB}
		{9F777C87-F4FC-4954-BF3E-1EF20EE2D11D} = {8BC2F418-26E0-454F-94D1-D32EB2212FCB}
		{01FCA8EF-C79E-4AAC-831F-5FA4737EB028} = {27450D4D-9CE9-4787-8674-E0199EC5B7C7}
		{31C42F5A-FB16-40B5-95E8-E90FC0C1537D} = {27450D4D-9CE9-4787-8674-E0199EC5B7C7}
		{39175AB2-5787-48B5-8A46-8C7E4B053862} = {27450D4D-9CE9-4787-8674-E0199EC5B7C7}
		{5FBF8430-AF2F-4E5E-BA37-7A70310BA709} = {27450D4D-9CE9-4787-8674-E0199EC5B7C7}
		{B7552412-F668-429F-A90D-C63764148051} = {27450D4D-9CE9-4787-8674-E0199EC5B7C7}
		{BB7510E0-87FB-4514-AF94-3F21332FB236} = {27450D4D-9CE9-4787-8674-E0199EC5B7C7}
		{289C4B72-B929-4E3D-808F-F622E275AC70} = {97D3A80C-342E-4F14-8ED4-01AF8C8CF766}
		{B0969429-0358-4569-9C5D-B77C90A0ED05} = {97D3A80C-342E-4F14-8ED4-01AF8C8CF766}
		{9B3A86F5-D5A5-4CC2-A995-2362A28D0EA9} = {01FCA8EF-C79E-4AAC-831F-5FA4737EB028}
		{A5A68EF3-D782-4F02-96B1-0814E26C4032} = {01FCA8EF-C79E-4AAC-831F-5FA4737EB028}
		{94C3A3CB-7A9A-4D65-8345-21A0D52E82A7} = {31C42F5A-FB16-40B5-95E8-E90FC0C1537D}
		{B4E4CE97-B0B0-48A0-82E4-0E8E9EC9E00E} = {31C42F5A-FB16-40B5-95E8-E90FC0C1537D}
		{5042FD6C-3583-46FB-8A76-1F0C489030C4} = {39175AB2-5787-48B5-8A46-8C7E4B053862}
		{16E78651-43DF-46A8-91C3-C977C0C179BA} = {39175AB2-5787-48B5-8A46-8C7E4B053862}
		{9FD72ED2-BA9C-4F70-A53C-9051F5123816} = {4AF3E01B-91B1-4AE4-9316-11289EFA7B5D}
		{9276C177-1DBA-4A4F-9058-114105455D1A} = {4AF3E01B-91B1-4AE4-9316-11289EFA7B5D}
		{F5A107B0-9950-46F5-A7D3-74608CCBE43E} = {4AF3E01B-91B1-4AE4-9316-11289EFA7B5D}
		{FCB212D1-D9E6-483A-8E9E-24DA0387620F} = {4AF3E01B-91B1-4AE4-9316-11289EFA7B5D}
		{4CCBD86A-2B28-4881-BA85-83D0B086E6D2} = {4AF3E01B-91B1-4AE4-9316-11289EFA7B5D}
		{8BDDCAB0-E3C5-4906-83AF-124863C84531} = {4AD4C33A-090C-4026-9FD0-80AD773D5665}
	EndGlobalSection
	GlobalSection(ExtensibilityGlobals) = postSolution
		VisualSVNWorkingCopyRoot = .
	EndGlobalSection
EndGlobal
