
Microsoft Visual Studio Solution File, Format Version 12.00
# Visual Studio Version 16
VisualStudioVersion = 16.0.29326.143
MinimumVisualStudioVersion = 10.0.40219.1
Project("{2150E333-8FDC-42A3-9474-1A3956D46DE8}") = "Common", "Common", "{8BC2F418-26E0-454F-94D1-D32EB2212FCB}"
EndProject
Project("{2150E333-8FDC-42A3-9474-1A3956D46DE8}") = "Word", "Word", "{27450D4D-9CE9-4787-8674-E0199EC5B7C7}"
EndProject
Project("{2150E333-8FDC-42A3-9474-1A3956D46DE8}") = "Shell", "Shell", "{97D3A80C-342E-4F14-8ED4-01AF8C8CF766}"
EndProject
Project("{2150E333-8FDC-42A3-9474-1A3956D46DE8}") = "Word2007", "Word2007", "{01FCA8EF-C79E-4AAC-831F-5FA4737EB028}"
EndProject
Project("{2150E333-8FDC-42A3-9474-1A3956D46DE8}") = "Word2003", "Word2003", "{31C42F5A-FB16-40B5-95E8-E90FC0C1537D}"
EndProject
Project("{2150E333-8FDC-42A3-9474-1A3956D46DE8}") = "WixSetup", "WixSetup", "{4AF3E01B-91B1-4AE4-9316-11289EFA7B5D}"
	ProjectSection(SolutionItems) = preProject
		Tests\Word2007Addin.IntegrationTests\packages.config = Tests\Word2007Addin.IntegrationTests\packages.config
	EndProjectSection
EndProject
Project("{2150E333-8FDC-42A3-9474-1A3956D46DE8}") = "Scripts", "Scripts", "{9276C177-1DBA-4A4F-9058-114105455D1A}"
	ProjectSection(SolutionItems) = preProject
		DaisyAddinForWordSetup\scripts\GenerateBootstrapper.msbuild = DaisyAddinForWordSetup\scripts\GenerateBootstrapper.msbuild
		DaisyAddinForWordSetup\scripts\PostBuild.bat = DaisyAddinForWordSetup\scripts\PostBuild.bat
		DaisyAddinForWordSetup\scripts\SetupPrepare.bat = DaisyAddinForWordSetup\scripts\SetupPrepare.bat
	EndProjectSection
EndProject
Project("{2150E333-8FDC-42A3-9474-1A3956D46DE8}") = "Tests", "Tests", "{4AD4C33A-090C-4026-9FD0-80AD773D5665}"
EndProject
Project("{FAE04EC0-301F-11D3-BF4B-00C04F79EFBC}") = "DaisyAddinLib", "Common\DaisyAddinLib\DaisyAddinLib.csproj", "{599773FF-1E86-4AC2-8B24-34BBAC707370}"
EndProject
Project("{FAE04EC0-301F-11D3-BF4B-00C04F79EFBC}") = "DaisyConverterLib", "Common\DaisyConverterLib\DaisyConverterLib.csproj", "{8CB777EB-36ED-45D8-84FF-BDD64AD5026E}"
EndProject
Project("{FAE04EC0-301F-11D3-BF4B-00C04F79EFBC}") = "CommandLineTool", "Shell\DaisyConverterTest\CommandLineTool.csproj", "{289C4B72-B929-4E3D-808F-F622E275AC70}"
EndProject
Project("{FAE04EC0-301F-11D3-BF4B-00C04F79EFBC}") = "CustomActionAddin", "CustomActionAddin\CustomActionAddin.csproj", "{BB7510E0-87FB-4514-AF94-3F21332FB236}"
EndProject
Project("{FAE04EC0-301F-11D3-BF4B-00C04F79EFBC}") = "DaisyWord2007AddIn", "Word2007\DaisyWord2007AddIn\DaisyWord2007AddIn.csproj", "{9B3A86F5-D5A5-4CC2-A995-2362A28D0EA9}"
EndProject
Project("{FAE04EC0-301F-11D3-BF4B-00C04F79EFBC}") = "DaisyTranslatorWord2003Addin", "Word2003\DaisyTranslatorWord2003Addin\DaisyTranslatorWord2003Addin.csproj", "{94C3A3CB-7A9A-4D65-8345-21A0D52E82A7}"
EndProject
Project("{FAE04EC0-301F-11D3-BF4B-00C04F79EFBC}") = "ManagedAggregator", "Common\ManagedAggregator\ManagedAggregator.csproj", "{9F777C87-F4FC-4954-BF3E-1EF20EE2D11D}"
EndProject
Project("{8BC9CEB8-8B4A-11D0-8D11-00A0C91BC942}") = "DaisyTranslatorWord2003Shim", "Word2003\DaisyTranslatorWord2003Shim\DaisyTranslatorWord2003Shim.vcxproj", "{B4E4CE97-B0B0-48A0-82E4-0E8E9EC9E00E}"
EndProject
Project("{FAE04EC0-301F-11D3-BF4B-00C04F79EFBC}") = "Word2007Addin.IntegrationTests", "Tests\Word2007Addin.IntegrationTests\Word2007Addin.IntegrationTests.csproj", "{8BDDCAB0-E3C5-4906-83AF-124863C84531}"
EndProject
Project("{FAE04EC0-301F-11D3-BF4B-00C04F79EFBC}") = "DaisyAddin.CustomActions", "DaisyAddin.CustomActions\DaisyAddin.CustomActions.csproj", "{FCB212D1-D9E6-483A-8E9E-24DA0387620F}"
EndProject
Project("{2150E333-8FDC-42A3-9474-1A3956D46DE8}") = "signing", "signing", "{8CFE5DA4-C6BF-4B7A-BC2D-1047F6BE7E54}"
	ProjectSection(SolutionItems) = preProject
		signing\Renewcert.exe = signing\Renewcert.exe
		signing\sign.bat = signing\sign.bat
		signing\signing.ps1 = signing\signing.ps1
	EndProjectSection
EndProject
Project("{2150E333-8FDC-42A3-9474-1A3956D46DE8}") = "Solution Items", "Solution Items", "{8B73ACB9-9410-4AEC-B00D-E07BEAD10EB8}"
	ProjectSection(SolutionItems) = preProject
		README.md = README.md
	EndProjectSection
EndProject
Project("{2150E333-8FDC-42A3-9474-1A3956D46DE8}") = "docs", "docs", "{9564E389-AB45-4574-9EAF-8357BA5EFCAF}"
	ProjectSection(SolutionItems) = preProject
		docs\Accessibility_demofile.docx = docs\Accessibility_demofile.docx
		docs\Authoring_Guidelines_For_using_SaveAsDAISY.docx = docs\Authoring_Guidelines_For_using_SaveAsDAISY.docx
		docs\index.md = docs\index.md
		docs\SaveAsDAISY_Instruction_Manual_Jan_2021.docx = docs\SaveAsDAISY_Instruction_Manual_Jan_2021.docx
	EndProjectSection
EndProject
Project("{2150E333-8FDC-42A3-9474-1A3956D46DE8}") = "_layouts", "_layouts", "{551923B5-D25C-4408-BEF4-0C367E6DBF26}"
	ProjectSection(SolutionItems) = preProject
		docs\_layouts\my-default.html = docs\_layouts\my-default.html
	EndProjectSection
EndProject
Project("{930C7802-8A8C-48F9-8165-68863BCCD9DD}") = "DaisyAddinForWordSetup", "Installer\DaisyAddinForWordSetup\DaisyAddinForWordSetup.wixproj", "{9FD72ED2-BA9C-4F70-A53C-9051F5123816}"
EndProject
Project("{FAE04EC0-301F-11D3-BF4B-00C04F79EFBC}") = "SaveAsDAISYInstaller", "Installer\SaveAsDAISYInstaller\SaveAsDAISYInstaller.csproj", "{4CCBD86A-2B28-4881-BA85-83D0B086E6D2}"
EndProject
Global
	GlobalSection(SolutionConfigurationPlatforms) = preSolution
		Debug|Any CPU = Debug|Any CPU
		Debug|x64 = Debug|x64
		Debug|x86 = Debug|x86
		DebugWord2003|Any CPU = DebugWord2003|Any CPU
		DebugWord2003|x64 = DebugWord2003|x64
		DebugWord2003|x86 = DebugWord2003|x86
		Release|Any CPU = Release|Any CPU
		Release|x64 = Release|x64
		Release|x86 = Release|x86
	EndGlobalSection
	GlobalSection(ProjectConfigurationPlatforms) = postSolution
		{599773FF-1E86-4AC2-8B24-34BBAC707370}.Debug|Any CPU.ActiveCfg = Debug|Any CPU
		{599773FF-1E86-4AC2-8B24-34BBAC707370}.Debug|Any CPU.Build.0 = Debug|Any CPU
		{599773FF-1E86-4AC2-8B24-34BBAC707370}.Debug|x64.ActiveCfg = Debug|x64
		{599773FF-1E86-4AC2-8B24-34BBAC707370}.Debug|x64.Build.0 = Debug|x64
		{599773FF-1E86-4AC2-8B24-34BBAC707370}.Debug|x86.ActiveCfg = Debug|x86
		{599773FF-1E86-4AC2-8B24-34BBAC707370}.Debug|x86.Build.0 = Debug|x86
		{599773FF-1E86-4AC2-8B24-34BBAC707370}.DebugWord2003|Any CPU.ActiveCfg = DebugWord2003|Any CPU
		{599773FF-1E86-4AC2-8B24-34BBAC707370}.DebugWord2003|Any CPU.Build.0 = DebugWord2003|Any CPU
		{599773FF-1E86-4AC2-8B24-34BBAC707370}.DebugWord2003|x64.ActiveCfg = DebugWord2003|x64
		{599773FF-1E86-4AC2-8B24-34BBAC707370}.DebugWord2003|x64.Build.0 = DebugWord2003|x64
		{599773FF-1E86-4AC2-8B24-34BBAC707370}.DebugWord2003|x86.ActiveCfg = DebugWord2003|x86
		{599773FF-1E86-4AC2-8B24-34BBAC707370}.DebugWord2003|x86.Build.0 = DebugWord2003|x86
		{599773FF-1E86-4AC2-8B24-34BBAC707370}.Release|Any CPU.ActiveCfg = Release|Any CPU
		{599773FF-1E86-4AC2-8B24-34BBAC707370}.Release|Any CPU.Build.0 = Release|Any CPU
		{599773FF-1E86-4AC2-8B24-34BBAC707370}.Release|x64.ActiveCfg = Release|x64
		{599773FF-1E86-4AC2-8B24-34BBAC707370}.Release|x64.Build.0 = Release|x64
		{599773FF-1E86-4AC2-8B24-34BBAC707370}.Release|x86.ActiveCfg = Release|x86
		{599773FF-1E86-4AC2-8B24-34BBAC707370}.Release|x86.Build.0 = Release|x86
		{8CB777EB-36ED-45D8-84FF-BDD64AD5026E}.Debug|Any CPU.ActiveCfg = Debug|Any CPU
		{8CB777EB-36ED-45D8-84FF-BDD64AD5026E}.Debug|Any CPU.Build.0 = Debug|Any CPU
		{8CB777EB-36ED-45D8-84FF-BDD64AD5026E}.Debug|x64.ActiveCfg = Debug|x64
		{8CB777EB-36ED-45D8-84FF-BDD64AD5026E}.Debug|x64.Build.0 = Debug|x64
		{8CB777EB-36ED-45D8-84FF-BDD64AD5026E}.Debug|x86.ActiveCfg = Debug|x86
		{8CB777EB-36ED-45D8-84FF-BDD64AD5026E}.Debug|x86.Build.0 = Debug|x86
		{8CB777EB-36ED-45D8-84FF-BDD64AD5026E}.DebugWord2003|Any CPU.ActiveCfg = DebugWord2003|Any CPU
		{8CB777EB-36ED-45D8-84FF-BDD64AD5026E}.DebugWord2003|Any CPU.Build.0 = DebugWord2003|Any CPU
		{8CB777EB-36ED-45D8-84FF-BDD64AD5026E}.DebugWord2003|x64.ActiveCfg = DebugWord2003|x64
		{8CB777EB-36ED-45D8-84FF-BDD64AD5026E}.DebugWord2003|x64.Build.0 = DebugWord2003|x64
		{8CB777EB-36ED-45D8-84FF-BDD64AD5026E}.DebugWord2003|x86.ActiveCfg = DebugWord2003|x86
		{8CB777EB-36ED-45D8-84FF-BDD64AD5026E}.DebugWord2003|x86.Build.0 = DebugWord2003|x86
		{8CB777EB-36ED-45D8-84FF-BDD64AD5026E}.Release|Any CPU.ActiveCfg = Release|Any CPU
		{8CB777EB-36ED-45D8-84FF-BDD64AD5026E}.Release|Any CPU.Build.0 = Release|Any CPU
		{8CB777EB-36ED-45D8-84FF-BDD64AD5026E}.Release|x64.ActiveCfg = Release|x64
		{8CB777EB-36ED-45D8-84FF-BDD64AD5026E}.Release|x64.Build.0 = Release|x64
		{8CB777EB-36ED-45D8-84FF-BDD64AD5026E}.Release|x86.ActiveCfg = Release|x86
		{8CB777EB-36ED-45D8-84FF-BDD64AD5026E}.Release|x86.Build.0 = Release|x86
		{289C4B72-B929-4E3D-808F-F622E275AC70}.Debug|Any CPU.ActiveCfg = Debug|Any CPU
		{289C4B72-B929-4E3D-808F-F622E275AC70}.Debug|Any CPU.Build.0 = Debug|Any CPU
		{289C4B72-B929-4E3D-808F-F622E275AC70}.Debug|x64.ActiveCfg = Debug|x64
		{289C4B72-B929-4E3D-808F-F622E275AC70}.Debug|x64.Build.0 = Debug|x64
		{289C4B72-B929-4E3D-808F-F622E275AC70}.Debug|x86.ActiveCfg = Debug|x86
		{289C4B72-B929-4E3D-808F-F622E275AC70}.Debug|x86.Build.0 = Debug|x86
		{289C4B72-B929-4E3D-808F-F622E275AC70}.DebugWord2003|Any CPU.ActiveCfg = DebugWord2003|Any CPU
		{289C4B72-B929-4E3D-808F-F622E275AC70}.DebugWord2003|Any CPU.Build.0 = DebugWord2003|Any CPU
		{289C4B72-B929-4E3D-808F-F622E275AC70}.DebugWord2003|x64.ActiveCfg = DebugWord2003|x64
		{289C4B72-B929-4E3D-808F-F622E275AC70}.DebugWord2003|x64.Build.0 = DebugWord2003|x64
		{289C4B72-B929-4E3D-808F-F622E275AC70}.DebugWord2003|x86.ActiveCfg = DebugWord2003|x86
		{289C4B72-B929-4E3D-808F-F622E275AC70}.DebugWord2003|x86.Build.0 = DebugWord2003|x86
		{289C4B72-B929-4E3D-808F-F622E275AC70}.Release|Any CPU.ActiveCfg = Release|Any CPU
		{289C4B72-B929-4E3D-808F-F622E275AC70}.Release|Any CPU.Build.0 = Release|Any CPU
		{289C4B72-B929-4E3D-808F-F622E275AC70}.Release|x64.ActiveCfg = Release|x64
		{289C4B72-B929-4E3D-808F-F622E275AC70}.Release|x86.ActiveCfg = Release|x86
		{289C4B72-B929-4E3D-808F-F622E275AC70}.Release|x86.Build.0 = Release|x86
		{BB7510E0-87FB-4514-AF94-3F21332FB236}.Debug|Any CPU.ActiveCfg = Debug|Any CPU
		{BB7510E0-87FB-4514-AF94-3F21332FB236}.Debug|Any CPU.Build.0 = Debug|Any CPU
		{BB7510E0-87FB-4514-AF94-3F21332FB236}.Debug|x64.ActiveCfg = Debug|x64
		{BB7510E0-87FB-4514-AF94-3F21332FB236}.Debug|x64.Build.0 = Debug|x64
		{BB7510E0-87FB-4514-AF94-3F21332FB236}.Debug|x86.ActiveCfg = Debug|Any CPU
		{BB7510E0-87FB-4514-AF94-3F21332FB236}.Debug|x86.Build.0 = Debug|Any CPU
		{BB7510E0-87FB-4514-AF94-3F21332FB236}.DebugWord2003|Any CPU.ActiveCfg = DebugWord2003|Any CPU
		{BB7510E0-87FB-4514-AF94-3F21332FB236}.DebugWord2003|Any CPU.Build.0 = DebugWord2003|Any CPU
		{BB7510E0-87FB-4514-AF94-3F21332FB236}.DebugWord2003|x64.ActiveCfg = DebugWord2003|x64
		{BB7510E0-87FB-4514-AF94-3F21332FB236}.DebugWord2003|x64.Build.0 = DebugWord2003|x64
		{BB7510E0-87FB-4514-AF94-3F21332FB236}.DebugWord2003|x86.ActiveCfg = DebugWord2003|Any CPU
		{BB7510E0-87FB-4514-AF94-3F21332FB236}.DebugWord2003|x86.Build.0 = DebugWord2003|Any CPU
		{BB7510E0-87FB-4514-AF94-3F21332FB236}.Release|Any CPU.ActiveCfg = Release|Any CPU
		{BB7510E0-87FB-4514-AF94-3F21332FB236}.Release|Any CPU.Build.0 = Release|Any CPU
		{BB7510E0-87FB-4514-AF94-3F21332FB236}.Release|x64.ActiveCfg = Release|x64
		{BB7510E0-87FB-4514-AF94-3F21332FB236}.Release|x64.Build.0 = Release|x64
		{BB7510E0-87FB-4514-AF94-3F21332FB236}.Release|x86.ActiveCfg = Release|Any CPU
		{BB7510E0-87FB-4514-AF94-3F21332FB236}.Release|x86.Build.0 = Release|Any CPU
		{9B3A86F5-D5A5-4CC2-A995-2362A28D0EA9}.Debug|Any CPU.ActiveCfg = Debug|Any CPU
		{9B3A86F5-D5A5-4CC2-A995-2362A28D0EA9}.Debug|Any CPU.Build.0 = Debug|Any CPU
		{9B3A86F5-D5A5-4CC2-A995-2362A28D0EA9}.Debug|x64.ActiveCfg = Debug|x64
		{9B3A86F5-D5A5-4CC2-A995-2362A28D0EA9}.Debug|x64.Build.0 = Debug|x64
		{9B3A86F5-D5A5-4CC2-A995-2362A28D0EA9}.Debug|x86.ActiveCfg = Debug|Any CPU
		{9B3A86F5-D5A5-4CC2-A995-2362A28D0EA9}.Debug|x86.Build.0 = Debug|Any CPU
		{9B3A86F5-D5A5-4CC2-A995-2362A28D0EA9}.DebugWord2003|Any CPU.ActiveCfg = DebugWord2003|Any CPU
		{9B3A86F5-D5A5-4CC2-A995-2362A28D0EA9}.DebugWord2003|Any CPU.Build.0 = DebugWord2003|Any CPU
		{9B3A86F5-D5A5-4CC2-A995-2362A28D0EA9}.DebugWord2003|x64.ActiveCfg = DebugWord2003|x64
		{9B3A86F5-D5A5-4CC2-A995-2362A28D0EA9}.DebugWord2003|x64.Build.0 = DebugWord2003|x64
		{9B3A86F5-D5A5-4CC2-A995-2362A28D0EA9}.DebugWord2003|x86.ActiveCfg = DebugWord2003|Any CPU
		{9B3A86F5-D5A5-4CC2-A995-2362A28D0EA9}.DebugWord2003|x86.Build.0 = DebugWord2003|Any CPU
		{9B3A86F5-D5A5-4CC2-A995-2362A28D0EA9}.Release|Any CPU.ActiveCfg = Release|Any CPU
		{9B3A86F5-D5A5-4CC2-A995-2362A28D0EA9}.Release|Any CPU.Build.0 = Release|Any CPU
		{9B3A86F5-D5A5-4CC2-A995-2362A28D0EA9}.Release|x64.ActiveCfg = Release|x64
		{9B3A86F5-D5A5-4CC2-A995-2362A28D0EA9}.Release|x64.Build.0 = Release|x64
		{9B3A86F5-D5A5-4CC2-A995-2362A28D0EA9}.Release|x86.ActiveCfg = Release|Any CPU
		{9B3A86F5-D5A5-4CC2-A995-2362A28D0EA9}.Release|x86.Build.0 = Release|Any CPU
		{94C3A3CB-7A9A-4D65-8345-21A0D52E82A7}.Debug|Any CPU.ActiveCfg = Debug|Any CPU
		{94C3A3CB-7A9A-4D65-8345-21A0D52E82A7}.Debug|Any CPU.Build.0 = Debug|Any CPU
		{94C3A3CB-7A9A-4D65-8345-21A0D52E82A7}.Debug|x64.ActiveCfg = Debug|x64
		{94C3A3CB-7A9A-4D65-8345-21A0D52E82A7}.Debug|x86.ActiveCfg = Debug|Any CPU
		{94C3A3CB-7A9A-4D65-8345-21A0D52E82A7}.DebugWord2003|Any CPU.ActiveCfg = DebugWord2003|Any CPU
		{94C3A3CB-7A9A-4D65-8345-21A0D52E82A7}.DebugWord2003|Any CPU.Build.0 = DebugWord2003|Any CPU
		{94C3A3CB-7A9A-4D65-8345-21A0D52E82A7}.DebugWord2003|x64.ActiveCfg = DebugWord2003|x64
		{94C3A3CB-7A9A-4D65-8345-21A0D52E82A7}.DebugWord2003|x64.Build.0 = DebugWord2003|x64
		{94C3A3CB-7A9A-4D65-8345-21A0D52E82A7}.DebugWord2003|x86.ActiveCfg = DebugWord2003|Any CPU
		{94C3A3CB-7A9A-4D65-8345-21A0D52E82A7}.DebugWord2003|x86.Build.0 = DebugWord2003|Any CPU
		{94C3A3CB-7A9A-4D65-8345-21A0D52E82A7}.Release|Any CPU.ActiveCfg = Release|Any CPU
		{94C3A3CB-7A9A-4D65-8345-21A0D52E82A7}.Release|Any CPU.Build.0 = Release|Any CPU
		{94C3A3CB-7A9A-4D65-8345-21A0D52E82A7}.Release|x64.ActiveCfg = Release|x64
		{94C3A3CB-7A9A-4D65-8345-21A0D52E82A7}.Release|x86.ActiveCfg = Release|Any CPU
		{9F777C87-F4FC-4954-BF3E-1EF20EE2D11D}.Debug|Any CPU.ActiveCfg = Debug|Any CPU
		{9F777C87-F4FC-4954-BF3E-1EF20EE2D11D}.Debug|Any CPU.Build.0 = Debug|Any CPU
		{9F777C87-F4FC-4954-BF3E-1EF20EE2D11D}.Debug|x64.ActiveCfg = Debug|x64
		{9F777C87-F4FC-4954-BF3E-1EF20EE2D11D}.Debug|x64.Build.0 = Debug|x64
		{9F777C87-F4FC-4954-BF3E-1EF20EE2D11D}.Debug|x86.ActiveCfg = Debug|Any CPU
		{9F777C87-F4FC-4954-BF3E-1EF20EE2D11D}.Debug|x86.Build.0 = Debug|Any CPU
		{9F777C87-F4FC-4954-BF3E-1EF20EE2D11D}.DebugWord2003|Any CPU.ActiveCfg = DebugWord2003|Any CPU
		{9F777C87-F4FC-4954-BF3E-1EF20EE2D11D}.DebugWord2003|Any CPU.Build.0 = DebugWord2003|Any CPU
		{9F777C87-F4FC-4954-BF3E-1EF20EE2D11D}.DebugWord2003|x64.ActiveCfg = DebugWord2003|x64
		{9F777C87-F4FC-4954-BF3E-1EF20EE2D11D}.DebugWord2003|x64.Build.0 = DebugWord2003|x64
		{9F777C87-F4FC-4954-BF3E-1EF20EE2D11D}.DebugWord2003|x86.ActiveCfg = DebugWord2003|Any CPU
		{9F777C87-F4FC-4954-BF3E-1EF20EE2D11D}.DebugWord2003|x86.Build.0 = DebugWord2003|Any CPU
		{9F777C87-F4FC-4954-BF3E-1EF20EE2D11D}.Release|Any CPU.ActiveCfg = Release|Any CPU
		{9F777C87-F4FC-4954-BF3E-1EF20EE2D11D}.Release|Any CPU.Build.0 = Release|Any CPU
		{9F777C87-F4FC-4954-BF3E-1EF20EE2D11D}.Release|x64.ActiveCfg = Release|x64
		{9F777C87-F4FC-4954-BF3E-1EF20EE2D11D}.Release|x64.Build.0 = Release|x64
		{9F777C87-F4FC-4954-BF3E-1EF20EE2D11D}.Release|x86.ActiveCfg = Release|Any CPU
		{9F777C87-F4FC-4954-BF3E-1EF20EE2D11D}.Release|x86.Build.0 = Release|Any CPU
		{B4E4CE97-B0B0-48A0-82E4-0E8E9EC9E00E}.Debug|Any CPU.ActiveCfg = Debug|Win32
		{B4E4CE97-B0B0-48A0-82E4-0E8E9EC9E00E}.Debug|x64.ActiveCfg = Debug|x64
		{B4E4CE97-B0B0-48A0-82E4-0E8E9EC9E00E}.Debug|x86.ActiveCfg = Debug|Win32
		{B4E4CE97-B0B0-48A0-82E4-0E8E9EC9E00E}.DebugWord2003|Any CPU.ActiveCfg = DebugWord2003|Win32
		{B4E4CE97-B0B0-48A0-82E4-0E8E9EC9E00E}.DebugWord2003|x64.ActiveCfg = DebugWord2003|x64
		{B4E4CE97-B0B0-48A0-82E4-0E8E9EC9E00E}.DebugWord2003|x64.Build.0 = DebugWord2003|x64
		{B4E4CE97-B0B0-48A0-82E4-0E8E9EC9E00E}.DebugWord2003|x86.ActiveCfg = DebugWord2003|Win32
		{B4E4CE97-B0B0-48A0-82E4-0E8E9EC9E00E}.DebugWord2003|x86.Build.0 = DebugWord2003|Win32
		{B4E4CE97-B0B0-48A0-82E4-0E8E9EC9E00E}.Release|Any CPU.ActiveCfg = Release|Win32
		{B4E4CE97-B0B0-48A0-82E4-0E8E9EC9E00E}.Release|x64.ActiveCfg = Release|x64
		{B4E4CE97-B0B0-48A0-82E4-0E8E9EC9E00E}.Release|x86.ActiveCfg = Release|Win32
		{8BDDCAB0-E3C5-4906-83AF-124863C84531}.Debug|Any CPU.ActiveCfg = Debug|Any CPU
		{8BDDCAB0-E3C5-4906-83AF-124863C84531}.Debug|Any CPU.Build.0 = Debug|Any CPU
		{8BDDCAB0-E3C5-4906-83AF-124863C84531}.Debug|x64.ActiveCfg = Debug|x64
		{8BDDCAB0-E3C5-4906-83AF-124863C84531}.Debug|x64.Build.0 = Debug|x64
		{8BDDCAB0-E3C5-4906-83AF-124863C84531}.Debug|x86.ActiveCfg = Debug|Any CPU
		{8BDDCAB0-E3C5-4906-83AF-124863C84531}.Debug|x86.Build.0 = Debug|Any CPU
		{8BDDCAB0-E3C5-4906-83AF-124863C84531}.DebugWord2003|Any CPU.ActiveCfg = DebugWord2003|Any CPU
		{8BDDCAB0-E3C5-4906-83AF-124863C84531}.DebugWord2003|Any CPU.Build.0 = DebugWord2003|Any CPU
		{8BDDCAB0-E3C5-4906-83AF-124863C84531}.DebugWord2003|x64.ActiveCfg = DebugWord2003|x64
		{8BDDCAB0-E3C5-4906-83AF-124863C84531}.DebugWord2003|x64.Build.0 = DebugWord2003|x64
		{8BDDCAB0-E3C5-4906-83AF-124863C84531}.DebugWord2003|x86.ActiveCfg = DebugWord2003|Any CPU
		{8BDDCAB0-E3C5-4906-83AF-124863C84531}.DebugWord2003|x86.Build.0 = DebugWord2003|Any CPU
		{8BDDCAB0-E3C5-4906-83AF-124863C84531}.Release|Any CPU.ActiveCfg = Release|Any CPU
		{8BDDCAB0-E3C5-4906-83AF-124863C84531}.Release|Any CPU.Build.0 = Release|Any CPU
		{8BDDCAB0-E3C5-4906-83AF-124863C84531}.Release|x64.ActiveCfg = Release|x64
		{8BDDCAB0-E3C5-4906-83AF-124863C84531}.Release|x86.ActiveCfg = Release|Any CPU
		{FCB212D1-D9E6-483A-8E9E-24DA0387620F}.Debug|Any CPU.ActiveCfg = Debug|Any CPU
		{FCB212D1-D9E6-483A-8E9E-24DA0387620F}.Debug|Any CPU.Build.0 = Debug|Any CPU
		{FCB212D1-D9E6-483A-8E9E-24DA0387620F}.Debug|x64.ActiveCfg = Debug|x64
		{FCB212D1-D9E6-483A-8E9E-24DA0387620F}.Debug|x64.Build.0 = Debug|x64
		{FCB212D1-D9E6-483A-8E9E-24DA0387620F}.Debug|x86.ActiveCfg = Debug|x86
		{FCB212D1-D9E6-483A-8E9E-24DA0387620F}.Debug|x86.Build.0 = Debug|x86
		{FCB212D1-D9E6-483A-8E9E-24DA0387620F}.DebugWord2003|Any CPU.ActiveCfg = DebugWord2003|Any CPU
		{FCB212D1-D9E6-483A-8E9E-24DA0387620F}.DebugWord2003|Any CPU.Build.0 = DebugWord2003|Any CPU
		{FCB212D1-D9E6-483A-8E9E-24DA0387620F}.DebugWord2003|x64.ActiveCfg = DebugWord2003|x64
		{FCB212D1-D9E6-483A-8E9E-24DA0387620F}.DebugWord2003|x64.Build.0 = DebugWord2003|x64
		{FCB212D1-D9E6-483A-8E9E-24DA0387620F}.DebugWord2003|x86.ActiveCfg = DebugWord2003|x86
		{FCB212D1-D9E6-483A-8E9E-24DA0387620F}.DebugWord2003|x86.Build.0 = DebugWord2003|x86
		{FCB212D1-D9E6-483A-8E9E-24DA0387620F}.Release|Any CPU.ActiveCfg = Release|Any CPU
		{FCB212D1-D9E6-483A-8E9E-24DA0387620F}.Release|Any CPU.Build.0 = Release|Any CPU
		{FCB212D1-D9E6-483A-8E9E-24DA0387620F}.Release|x64.ActiveCfg = Release|x64
		{FCB212D1-D9E6-483A-8E9E-24DA0387620F}.Release|x64.Build.0 = Release|x64
		{FCB212D1-D9E6-483A-8E9E-24DA0387620F}.Release|x86.ActiveCfg = Release|x86
		{FCB212D1-D9E6-483A-8E9E-24DA0387620F}.Release|x86.Build.0 = Release|x86
		{9FD72ED2-BA9C-4F70-A53C-9051F5123816}.Debug|Any CPU.ActiveCfg = Debug|x86
		{9FD72ED2-BA9C-4F70-A53C-9051F5123816}.Debug|x64.ActiveCfg = Debug|x64
		{9FD72ED2-BA9C-4F70-A53C-9051F5123816}.Debug|x64.Build.0 = Debug|x64
		{9FD72ED2-BA9C-4F70-A53C-9051F5123816}.Debug|x86.ActiveCfg = Debug|x86
		{9FD72ED2-BA9C-4F70-A53C-9051F5123816}.Debug|x86.Build.0 = Debug|x86
		{9FD72ED2-BA9C-4F70-A53C-9051F5123816}.DebugWord2003|Any CPU.ActiveCfg = DebugWord2003|x86
		{9FD72ED2-BA9C-4F70-A53C-9051F5123816}.DebugWord2003|x64.ActiveCfg = DebugWord2003|x64
		{9FD72ED2-BA9C-4F70-A53C-9051F5123816}.DebugWord2003|x64.Build.0 = DebugWord2003|x64
		{9FD72ED2-BA9C-4F70-A53C-9051F5123816}.DebugWord2003|x86.ActiveCfg = DebugWord2003|x86
		{9FD72ED2-BA9C-4F70-A53C-9051F5123816}.DebugWord2003|x86.Build.0 = DebugWord2003|x86
		{9FD72ED2-BA9C-4F70-A53C-9051F5123816}.Release|Any CPU.ActiveCfg = Release|x86
		{9FD72ED2-BA9C-4F70-A53C-9051F5123816}.Release|x64.ActiveCfg = Release|x64
		{9FD72ED2-BA9C-4F70-A53C-9051F5123816}.Release|x64.Build.0 = Release|x64
		{9FD72ED2-BA9C-4F70-A53C-9051F5123816}.Release|x86.ActiveCfg = Release|x86
		{9FD72ED2-BA9C-4F70-A53C-9051F5123816}.Release|x86.Build.0 = Release|x86
		{4CCBD86A-2B28-4881-BA85-83D0B086E6D2}.Debug|Any CPU.ActiveCfg = Debug|Any CPU
		{4CCBD86A-2B28-4881-BA85-83D0B086E6D2}.Debug|Any CPU.Build.0 = Debug|Any CPU
		{4CCBD86A-2B28-4881-BA85-83D0B086E6D2}.Debug|x64.ActiveCfg = Debug|x64
		{4CCBD86A-2B28-4881-BA85-83D0B086E6D2}.Debug|x64.Build.0 = Debug|x64
		{4CCBD86A-2B28-4881-BA85-83D0B086E6D2}.Debug|x86.ActiveCfg = Debug|x86
		{4CCBD86A-2B28-4881-BA85-83D0B086E6D2}.Debug|x86.Build.0 = Debug|x86
		{4CCBD86A-2B28-4881-BA85-83D0B086E6D2}.DebugWord2003|Any CPU.ActiveCfg = Debug|Any CPU
		{4CCBD86A-2B28-4881-BA85-83D0B086E6D2}.DebugWord2003|Any CPU.Build.0 = Debug|Any CPU
		{4CCBD86A-2B28-4881-BA85-83D0B086E6D2}.DebugWord2003|x64.ActiveCfg = Debug|x64
		{4CCBD86A-2B28-4881-BA85-83D0B086E6D2}.DebugWord2003|x64.Build.0 = Debug|x64
		{4CCBD86A-2B28-4881-BA85-83D0B086E6D2}.DebugWord2003|x86.ActiveCfg = Debug|x86
		{4CCBD86A-2B28-4881-BA85-83D0B086E6D2}.DebugWord2003|x86.Build.0 = Debug|x86
		{4CCBD86A-2B28-4881-BA85-83D0B086E6D2}.Release|Any CPU.ActiveCfg = Release|Any CPU
		{4CCBD86A-2B28-4881-BA85-83D0B086E6D2}.Release|Any CPU.Build.0 = Release|Any CPU
		{4CCBD86A-2B28-4881-BA85-83D0B086E6D2}.Release|x64.ActiveCfg = Release|x64
		{4CCBD86A-2B28-4881-BA85-83D0B086E6D2}.Release|x64.Build.0 = Release|x64
		{4CCBD86A-2B28-4881-BA85-83D0B086E6D2}.Release|x86.ActiveCfg = Release|x86
		{4CCBD86A-2B28-4881-BA85-83D0B086E6D2}.Release|x86.Build.0 = Release|x86
	EndGlobalSection
	GlobalSection(SolutionProperties) = preSolution
		HideSolutionNode = FALSE
	EndGlobalSection
	GlobalSection(NestedProjects) = preSolution
		{01FCA8EF-C79E-4AAC-831F-5FA4737EB028} = {27450D4D-9CE9-4787-8674-E0199EC5B7C7}
		{31C42F5A-FB16-40B5-95E8-E90FC0C1537D} = {27450D4D-9CE9-4787-8674-E0199EC5B7C7}
		{9276C177-1DBA-4A4F-9058-114105455D1A} = {4AF3E01B-91B1-4AE4-9316-11289EFA7B5D}
		{599773FF-1E86-4AC2-8B24-34BBAC707370} = {8BC2F418-26E0-454F-94D1-D32EB2212FCB}
		{8CB777EB-36ED-45D8-84FF-BDD64AD5026E} = {8BC2F418-26E0-454F-94D1-D32EB2212FCB}
		{289C4B72-B929-4E3D-808F-F622E275AC70} = {97D3A80C-342E-4F14-8ED4-01AF8C8CF766}
		{BB7510E0-87FB-4514-AF94-3F21332FB236} = {27450D4D-9CE9-4787-8674-E0199EC5B7C7}
		{9B3A86F5-D5A5-4CC2-A995-2362A28D0EA9} = {01FCA8EF-C79E-4AAC-831F-5FA4737EB028}
		{94C3A3CB-7A9A-4D65-8345-21A0D52E82A7} = {31C42F5A-FB16-40B5-95E8-E90FC0C1537D}
		{9F777C87-F4FC-4954-BF3E-1EF20EE2D11D} = {8BC2F418-26E0-454F-94D1-D32EB2212FCB}
		{B4E4CE97-B0B0-48A0-82E4-0E8E9EC9E00E} = {31C42F5A-FB16-40B5-95E8-E90FC0C1537D}
		{8BDDCAB0-E3C5-4906-83AF-124863C84531} = {4AD4C33A-090C-4026-9FD0-80AD773D5665}
		{FCB212D1-D9E6-483A-8E9E-24DA0387620F} = {4AF3E01B-91B1-4AE4-9316-11289EFA7B5D}
		{551923B5-D25C-4408-BEF4-0C367E6DBF26} = {9564E389-AB45-4574-9EAF-8357BA5EFCAF}
		{9FD72ED2-BA9C-4F70-A53C-9051F5123816} = {4AF3E01B-91B1-4AE4-9316-11289EFA7B5D}
		{4CCBD86A-2B28-4881-BA85-83D0B086E6D2} = {4AF3E01B-91B1-4AE4-9316-11289EFA7B5D}
	EndGlobalSection
	GlobalSection(ExtensibilityGlobals) = postSolution
		VisualSVNWorkingCopyRoot = .
		SolutionGuid = {8119EA58-6294-4AAF-B5CC-0C335A9409AB}
	EndGlobalSection
EndGlobal
